// !$*UTF8*$!
{
	archiveVersion = 1;
	classes = {
	};
	objectVersion = 51;
	objects = {

/* Begin PBXBuildFile section */
		062FDF5C257E669B00949D54 /* AppDelegate.swift in Sources */ = {isa = PBXBuildFile; fileRef = 062FDF5B257E669B00949D54 /* AppDelegate.swift */; };
		062FDF63257E669B00949D54 /* Home.storyboard in Resources */ = {isa = PBXBuildFile; fileRef = 062FDF61257E669B00949D54 /* Home.storyboard */; };
		062FDF65257E669E00949D54 /* Assets.xcassets in Resources */ = {isa = PBXBuildFile; fileRef = 062FDF64257E669E00949D54 /* Assets.xcassets */; };
		062FDF68257E669E00949D54 /* LaunchScreen.storyboard in Resources */ = {isa = PBXBuildFile; fileRef = 062FDF66257E669E00949D54 /* LaunchScreen.storyboard */; };
		062FDF79257E678D00949D54 /* Constants.swift in Sources */ = {isa = PBXBuildFile; fileRef = 062FDF78257E678D00949D54 /* Constants.swift */; };
		062FDF7D257E67F200949D54 /* UserDefaultsManager.swift in Sources */ = {isa = PBXBuildFile; fileRef = 062FDF7C257E67F200949D54 /* UserDefaultsManager.swift */; };
		062FDF7F257E687D00949D54 /* APIManager.swift in Sources */ = {isa = PBXBuildFile; fileRef = 062FDF7E257E687D00949D54 /* APIManager.swift */; };
		062FDF81257E694700949D54 /* APIRouter.swift in Sources */ = {isa = PBXBuildFile; fileRef = 062FDF80257E694700949D54 /* APIRouter.swift */; };
		062FDF83257E6F4A00949D54 /* UIViewController+Storyboard.swift in Sources */ = {isa = PBXBuildFile; fileRef = 062FDF82257E6F4A00949D54 /* UIViewController+Storyboard.swift */; };
		062FDF85257E6F9B00949D54 /* UIView+ActivityIndicator.swift in Sources */ = {isa = PBXBuildFile; fileRef = 062FDF84257E6F9B00949D54 /* UIView+ActivityIndicator.swift */; };
		062FDF87257E708200949D54 /* UIImageView+CircularImage.swift in Sources */ = {isa = PBXBuildFile; fileRef = 062FDF86257E708200949D54 /* UIImageView+CircularImage.swift */; };
		0678C11E2581B09500949700 /* CategoryCell.swift in Sources */ = {isa = PBXBuildFile; fileRef = 0678C11C2581B09500949700 /* CategoryCell.swift */; };
		0678C11F2581B09500949700 /* CategoryCell.xib in Resources */ = {isa = PBXBuildFile; fileRef = 0678C11D2581B09500949700 /* CategoryCell.xib */; };
		0678C1212581CA4C00949700 /* UIColor+getColorByHex.swift in Sources */ = {isa = PBXBuildFile; fileRef = 0678C1202581CA4C00949700 /* UIColor+getColorByHex.swift */; };
		06DD993E257FBA0B00D36344 /* HomeViewModel.swift in Sources */ = {isa = PBXBuildFile; fileRef = 06DD993D257FBA0B00D36344 /* HomeViewModel.swift */; };
		06DD9940257FBA3100D36344 /* HomeView.swift in Sources */ = {isa = PBXBuildFile; fileRef = 06DD993F257FBA3100D36344 /* HomeView.swift */; };
		06DD9943257FBAA100D36344 /* HomeVC.swift in Sources */ = {isa = PBXBuildFile; fileRef = 06DD9942257FBAA100D36344 /* HomeVC.swift */; };
		06DD995A257FE68E00D36344 /* PTSans-Italic.ttf in Resources */ = {isa = PBXBuildFile; fileRef = 06DD9956257FE68E00D36344 /* PTSans-Italic.ttf */; };
		06DD995B257FE68E00D36344 /* PTSans-Regular.ttf in Resources */ = {isa = PBXBuildFile; fileRef = 06DD9957257FE68E00D36344 /* PTSans-Regular.ttf */; };
		06DD995C257FE68E00D36344 /* PTSans-BoldItalic.ttf in Resources */ = {isa = PBXBuildFile; fileRef = 06DD9958257FE68E00D36344 /* PTSans-BoldItalic.ttf */; };
		06DD995D257FE68E00D36344 /* PTSans-Bold.ttf in Resources */ = {isa = PBXBuildFile; fileRef = 06DD9959257FE68E00D36344 /* PTSans-Bold.ttf */; };
		06DD9960257FF35F00D36344 /* MainCategoriesResponse.swift in Sources */ = {isa = PBXBuildFile; fileRef = 06DD995F257FF35F00D36344 /* MainCategoriesResponse.swift */; };
		97D6CEE065259CA6151A715D /* Pods_IDEHospital.framework in Frameworks */ = {isa = PBXBuildFile; fileRef = 39C6039448DDB167416F6840 /* Pods_IDEHospital.framework */; };
/* End PBXBuildFile section */

/* Begin PBXFileReference section */
		062FDF58257E669B00949D54 /* IDEHospital.app */ = {isa = PBXFileReference; explicitFileType = wrapper.application; includeInIndex = 0; path = IDEHospital.app; sourceTree = BUILT_PRODUCTS_DIR; };
		062FDF5B257E669B00949D54 /* AppDelegate.swift */ = {isa = PBXFileReference; lastKnownFileType = sourcecode.swift; path = AppDelegate.swift; sourceTree = "<group>"; };
		062FDF62257E669B00949D54 /* Base */ = {isa = PBXFileReference; lastKnownFileType = file.storyboard; name = Base; path = Base.lproj/Home.storyboard; sourceTree = "<group>"; };
		062FDF64257E669E00949D54 /* Assets.xcassets */ = {isa = PBXFileReference; lastKnownFileType = folder.assetcatalog; path = Assets.xcassets; sourceTree = "<group>"; };
		062FDF67257E669E00949D54 /* Base */ = {isa = PBXFileReference; lastKnownFileType = file.storyboard; name = Base; path = Base.lproj/LaunchScreen.storyboard; sourceTree = "<group>"; };
		062FDF69257E669E00949D54 /* Info.plist */ = {isa = PBXFileReference; lastKnownFileType = text.plist.xml; path = Info.plist; sourceTree = "<group>"; };
		062FDF78257E678D00949D54 /* Constants.swift */ = {isa = PBXFileReference; lastKnownFileType = sourcecode.swift; path = Constants.swift; sourceTree = "<group>"; };
		062FDF7C257E67F200949D54 /* UserDefaultsManager.swift */ = {isa = PBXFileReference; lastKnownFileType = sourcecode.swift; path = UserDefaultsManager.swift; sourceTree = "<group>"; };
		062FDF7E257E687D00949D54 /* APIManager.swift */ = {isa = PBXFileReference; lastKnownFileType = sourcecode.swift; path = APIManager.swift; sourceTree = "<group>"; };
		062FDF80257E694700949D54 /* APIRouter.swift */ = {isa = PBXFileReference; lastKnownFileType = sourcecode.swift; path = APIRouter.swift; sourceTree = "<group>"; };
		062FDF82257E6F4A00949D54 /* UIViewController+Storyboard.swift */ = {isa = PBXFileReference; lastKnownFileType = sourcecode.swift; path = "UIViewController+Storyboard.swift"; sourceTree = "<group>"; };
		062FDF84257E6F9B00949D54 /* UIView+ActivityIndicator.swift */ = {isa = PBXFileReference; lastKnownFileType = sourcecode.swift; path = "UIView+ActivityIndicator.swift"; sourceTree = "<group>"; };
		062FDF86257E708200949D54 /* UIImageView+CircularImage.swift */ = {isa = PBXFileReference; lastKnownFileType = sourcecode.swift; path = "UIImageView+CircularImage.swift"; sourceTree = "<group>"; };
		0678C11C2581B09500949700 /* CategoryCell.swift */ = {isa = PBXFileReference; lastKnownFileType = sourcecode.swift; path = CategoryCell.swift; sourceTree = "<group>"; };
		0678C11D2581B09500949700 /* CategoryCell.xib */ = {isa = PBXFileReference; lastKnownFileType = file.xib; path = CategoryCell.xib; sourceTree = "<group>"; };
		0678C1202581CA4C00949700 /* UIColor+getColorByHex.swift */ = {isa = PBXFileReference; lastKnownFileType = sourcecode.swift; path = "UIColor+getColorByHex.swift"; sourceTree = "<group>"; };
		06DD993D257FBA0B00D36344 /* HomeViewModel.swift */ = {isa = PBXFileReference; lastKnownFileType = sourcecode.swift; path = HomeViewModel.swift; sourceTree = "<group>"; };
		06DD993F257FBA3100D36344 /* HomeView.swift */ = {isa = PBXFileReference; lastKnownFileType = sourcecode.swift; path = HomeView.swift; sourceTree = "<group>"; };
		06DD9942257FBAA100D36344 /* HomeVC.swift */ = {isa = PBXFileReference; fileEncoding = 4; lastKnownFileType = sourcecode.swift; path = HomeVC.swift; sourceTree = "<group>"; };
		06DD9956257FE68E00D36344 /* PTSans-Italic.ttf */ = {isa = PBXFileReference; lastKnownFileType = file; path = "PTSans-Italic.ttf"; sourceTree = "<group>"; };
		06DD9957257FE68E00D36344 /* PTSans-Regular.ttf */ = {isa = PBXFileReference; lastKnownFileType = file; path = "PTSans-Regular.ttf"; sourceTree = "<group>"; };
		06DD9958257FE68E00D36344 /* PTSans-BoldItalic.ttf */ = {isa = PBXFileReference; lastKnownFileType = file; path = "PTSans-BoldItalic.ttf"; sourceTree = "<group>"; };
		06DD9959257FE68E00D36344 /* PTSans-Bold.ttf */ = {isa = PBXFileReference; lastKnownFileType = file; path = "PTSans-Bold.ttf"; sourceTree = "<group>"; };
		06DD995F257FF35F00D36344 /* MainCategoriesResponse.swift */ = {isa = PBXFileReference; lastKnownFileType = sourcecode.swift; name = MainCategoriesResponse.swift; path = IDEHospital/Resources/Fonts/MainCategoriesResponse.swift; sourceTree = SOURCE_ROOT; };
		39C6039448DDB167416F6840 /* Pods_IDEHospital.framework */ = {isa = PBXFileReference; explicitFileType = wrapper.framework; includeInIndex = 0; path = Pods_IDEHospital.framework; sourceTree = BUILT_PRODUCTS_DIR; };
		8569C0829D2161F9E9E57603 /* Pods-IDEHospital.release.xcconfig */ = {isa = PBXFileReference; includeInIndex = 1; lastKnownFileType = text.xcconfig; name = "Pods-IDEHospital.release.xcconfig"; path = "Target Support Files/Pods-IDEHospital/Pods-IDEHospital.release.xcconfig"; sourceTree = "<group>"; };
		C60A97CD5B7753B53A601432 /* Pods-IDEHospital.debug.xcconfig */ = {isa = PBXFileReference; includeInIndex = 1; lastKnownFileType = text.xcconfig; name = "Pods-IDEHospital.debug.xcconfig"; path = "Target Support Files/Pods-IDEHospital/Pods-IDEHospital.debug.xcconfig"; sourceTree = "<group>"; };
/* End PBXFileReference section */

/* Begin PBXFrameworksBuildPhase section */
		062FDF55257E669B00949D54 /* Frameworks */ = {
			isa = PBXFrameworksBuildPhase;
			buildActionMask = 2147483647;
			files = (
				97D6CEE065259CA6151A715D /* Pods_IDEHospital.framework in Frameworks */,
			);
			runOnlyForDeploymentPostprocessing = 0;
		};
/* End PBXFrameworksBuildPhase section */

/* Begin PBXGroup section */
		062FDF4F257E669B00949D54 = {
			isa = PBXGroup;
			children = (
				062FDF5A257E669B00949D54 /* IDEHospital */,
				062FDF59257E669B00949D54 /* Products */,
				4D009CD1F446CACED9E3657C /* Pods */,
				53778EEAF6684817BFE08C39 /* Frameworks */,
			);
			sourceTree = "<group>";
		};
		062FDF59257E669B00949D54 /* Products */ = {
			isa = PBXGroup;
			children = (
				062FDF58257E669B00949D54 /* IDEHospital.app */,
			);
			name = Products;
			sourceTree = "<group>";
		};
		062FDF5A257E669B00949D54 /* IDEHospital */ = {
			isa = PBXGroup;
			children = (
				062FDF72257E670600949D54 /* Shared */,
				062FDF7B257E67CF00949D54 /* Networking */,
				062FDF7A257E67C500949D54 /* Managers */,
				062FDF77257E677B00949D54 /* Utilities */,
				062FDF76257E674A00949D54 /* Extensions */,
				062FDF6F257E66DF00949D54 /* Model */,
				062FDF71257E66E900949D54 /* ViewModel */,
				062FDF70257E66E400949D54 /* View */,
				062FDF73257E670E00949D54 /* Resources */,
				062FDF69257E669E00949D54 /* Info.plist */,
			);
			path = IDEHospital;
			sourceTree = "<group>";
		};
		062FDF6F257E66DF00949D54 /* Model */ = {
			isa = PBXGroup;
			children = (
				06DD995F257FF35F00D36344 /* MainCategoriesResponse.swift */,
			);
			path = Model;
			sourceTree = "<group>";
		};
		062FDF70257E66E400949D54 /* View */ = {
			isa = PBXGroup;
			children = (
				0678C11B2581B07200949700 /* CategoryCell */,
				06DD9941257FBA3800D36344 /* Home */,
			);
			path = View;
			sourceTree = "<group>";
		};
		062FDF71257E66E900949D54 /* ViewModel */ = {
			isa = PBXGroup;
			children = (
				06DD993D257FBA0B00D36344 /* HomeViewModel.swift */,
			);
			path = ViewModel;
			sourceTree = "<group>";
		};
		062FDF72257E670600949D54 /* Shared */ = {
			isa = PBXGroup;
			children = (
				062FDF5B257E669B00949D54 /* AppDelegate.swift */,
			);
			path = Shared;
			sourceTree = "<group>";
		};
		062FDF73257E670E00949D54 /* Resources */ = {
			isa = PBXGroup;
			children = (
				06DD9938257FB47200D36344 /* Fonts */,
				062FDF74257E671400949D54 /* Storyboards */,
				062FDF75257E671A00949D54 /* Assets */,
			);
			path = Resources;
			sourceTree = "<group>";
		};
		062FDF74257E671400949D54 /* Storyboards */ = {
			isa = PBXGroup;
			children = (
				062FDF61257E669B00949D54 /* Home.storyboard */,
				062FDF66257E669E00949D54 /* LaunchScreen.storyboard */,
			);
			path = Storyboards;
			sourceTree = "<group>";
		};
		062FDF75257E671A00949D54 /* Assets */ = {
			isa = PBXGroup;
			children = (
				062FDF64257E669E00949D54 /* Assets.xcassets */,
			);
			path = Assets;
			sourceTree = "<group>";
		};
		062FDF76257E674A00949D54 /* Extensions */ = {
			isa = PBXGroup;
			children = (
				062FDF82257E6F4A00949D54 /* UIViewController+Storyboard.swift */,
				062FDF84257E6F9B00949D54 /* UIView+ActivityIndicator.swift */,
				062FDF86257E708200949D54 /* UIImageView+CircularImage.swift */,
				0678C1202581CA4C00949700 /* UIColor+getColorByHex.swift */,
			);
			path = Extensions;
			sourceTree = "<group>";
		};
		062FDF77257E677B00949D54 /* Utilities */ = {
			isa = PBXGroup;
			children = (
				062FDF78257E678D00949D54 /* Constants.swift */,
			);
			path = Utilities;
			sourceTree = "<group>";
		};
		062FDF7A257E67C500949D54 /* Managers */ = {
			isa = PBXGroup;
			children = (
				062FDF7C257E67F200949D54 /* UserDefaultsManager.swift */,
			);
			path = Managers;
			sourceTree = "<group>";
		};
		062FDF7B257E67CF00949D54 /* Networking */ = {
			isa = PBXGroup;
			children = (
				062FDF7E257E687D00949D54 /* APIManager.swift */,
				062FDF80257E694700949D54 /* APIRouter.swift */,
			);
			path = Networking;
			sourceTree = "<group>";
		};
		0678C11B2581B07200949700 /* CategoryCell */ = {
			isa = PBXGroup;
			children = (
				0678C11C2581B09500949700 /* CategoryCell.swift */,
				0678C11D2581B09500949700 /* CategoryCell.xib */,
			);
			path = CategoryCell;
			sourceTree = "<group>";
		};
		06DD9938257FB47200D36344 /* Fonts */ = {
			isa = PBXGroup;
			children = (
				06DD9959257FE68E00D36344 /* PTSans-Bold.ttf */,
				06DD9958257FE68E00D36344 /* PTSans-BoldItalic.ttf */,
				06DD9956257FE68E00D36344 /* PTSans-Italic.ttf */,
				06DD9957257FE68E00D36344 /* PTSans-Regular.ttf */,
			);
			path = Fonts;
			sourceTree = "<group>";
		};
		06DD9941257FBA3800D36344 /* Home */ = {
			isa = PBXGroup;
			children = (
				06DD9942257FBAA100D36344 /* HomeVC.swift */,
				06DD993F257FBA3100D36344 /* HomeView.swift */,
			);
			path = Home;
			sourceTree = "<group>";
		};
		4D009CD1F446CACED9E3657C /* Pods */ = {
			isa = PBXGroup;
			children = (
				C60A97CD5B7753B53A601432 /* Pods-IDEHospital.debug.xcconfig */,
				8569C0829D2161F9E9E57603 /* Pods-IDEHospital.release.xcconfig */,
			);
			path = Pods;
			sourceTree = "<group>";
		};
		53778EEAF6684817BFE08C39 /* Frameworks */ = {
			isa = PBXGroup;
			children = (
				39C6039448DDB167416F6840 /* Pods_IDEHospital.framework */,
			);
			name = Frameworks;
			sourceTree = "<group>";
		};
/* End PBXGroup section */

/* Begin PBXNativeTarget section */
		062FDF57257E669B00949D54 /* IDEHospital */ = {
			isa = PBXNativeTarget;
			buildConfigurationList = 062FDF6C257E669E00949D54 /* Build configuration list for PBXNativeTarget "IDEHospital" */;
			buildPhases = (
				1B28C4F41D389A5B66362C11 /* [CP] Check Pods Manifest.lock */,
				062FDF54257E669B00949D54 /* Sources */,
				062FDF55257E669B00949D54 /* Frameworks */,
				062FDF56257E669B00949D54 /* Resources */,
				8E8B934D498A6655D381C529 /* [CP] Embed Pods Frameworks */,
			);
			buildRules = (
			);
			dependencies = (
			);
			name = IDEHospital;
			productName = IDEHospital;
			productReference = 062FDF58257E669B00949D54 /* IDEHospital.app */;
			productType = "com.apple.product-type.application";
		};
/* End PBXNativeTarget section */

/* Begin PBXProject section */
		062FDF50257E669B00949D54 /* Project object */ = {
			isa = PBXProject;
			attributes = {
				LastSwiftUpdateCheck = 1170;
				LastUpgradeCheck = 1170;
				ORGANIZATIONNAME = IDEAcademy;
				TargetAttributes = {
					062FDF57257E669B00949D54 = {
						CreatedOnToolsVersion = 11.7;
					};
				};
			};
			buildConfigurationList = 062FDF53257E669B00949D54 /* Build configuration list for PBXProject "IDEHospital" */;
			compatibilityVersion = "Xcode 9.3";
			developmentRegion = en;
			hasScannedForEncodings = 0;
			knownRegions = (
				en,
				Base,
			);
			mainGroup = 062FDF4F257E669B00949D54;
			productRefGroup = 062FDF59257E669B00949D54 /* Products */;
			projectDirPath = "";
			projectRoot = "";
			targets = (
				062FDF57257E669B00949D54 /* IDEHospital */,
			);
		};
/* End PBXProject section */

/* Begin PBXResourcesBuildPhase section */
		062FDF56257E669B00949D54 /* Resources */ = {
			isa = PBXResourcesBuildPhase;
			buildActionMask = 2147483647;
			files = (
				062FDF68257E669E00949D54 /* LaunchScreen.storyboard in Resources */,
				06DD995B257FE68E00D36344 /* PTSans-Regular.ttf in Resources */,
				06DD995C257FE68E00D36344 /* PTSans-BoldItalic.ttf in Resources */,
				06DD995A257FE68E00D36344 /* PTSans-Italic.ttf in Resources */,
				062FDF65257E669E00949D54 /* Assets.xcassets in Resources */,
				062FDF63257E669B00949D54 /* Home.storyboard in Resources */,
				06DD995D257FE68E00D36344 /* PTSans-Bold.ttf in Resources */,
				0678C11F2581B09500949700 /* CategoryCell.xib in Resources */,
			);
			runOnlyForDeploymentPostprocessing = 0;
		};
/* End PBXResourcesBuildPhase section */

/* Begin PBXShellScriptBuildPhase section */
		1B28C4F41D389A5B66362C11 /* [CP] Check Pods Manifest.lock */ = {
			isa = PBXShellScriptBuildPhase;
			buildActionMask = 2147483647;
			files = (
			);
			inputFileListPaths = (
			);
			inputPaths = (
				"${PODS_PODFILE_DIR_PATH}/Podfile.lock",
				"${PODS_ROOT}/Manifest.lock",
			);
			name = "[CP] Check Pods Manifest.lock";
			outputFileListPaths = (
			);
			outputPaths = (
				"$(DERIVED_FILE_DIR)/Pods-IDEHospital-checkManifestLockResult.txt",
			);
			runOnlyForDeploymentPostprocessing = 0;
			shellPath = /bin/sh;
			shellScript = "diff \"${PODS_PODFILE_DIR_PATH}/Podfile.lock\" \"${PODS_ROOT}/Manifest.lock\" > /dev/null\nif [ $? != 0 ] ; then\n    # print error to STDERR\n    echo \"error: The sandbox is not in sync with the Podfile.lock. Run 'pod install' or update your CocoaPods installation.\" >&2\n    exit 1\nfi\n# This output is used by Xcode 'outputs' to avoid re-running this script phase.\necho \"SUCCESS\" > \"${SCRIPT_OUTPUT_FILE_0}\"\n";
			showEnvVarsInLog = 0;
		};
		8E8B934D498A6655D381C529 /* [CP] Embed Pods Frameworks */ = {
			isa = PBXShellScriptBuildPhase;
			buildActionMask = 2147483647;
			files = (
			);
			inputFileListPaths = (
				"${PODS_ROOT}/Target Support Files/Pods-IDEHospital/Pods-IDEHospital-frameworks-${CONFIGURATION}-input-files.xcfilelist",
			);
			name = "[CP] Embed Pods Frameworks";
			outputFileListPaths = (
				"${PODS_ROOT}/Target Support Files/Pods-IDEHospital/Pods-IDEHospital-frameworks-${CONFIGURATION}-output-files.xcfilelist",
			);
			runOnlyForDeploymentPostprocessing = 0;
			shellPath = /bin/sh;
			shellScript = "\"${PODS_ROOT}/Target Support Files/Pods-IDEHospital/Pods-IDEHospital-frameworks.sh\"\n";
			showEnvVarsInLog = 0;
		};
/* End PBXShellScriptBuildPhase section */

/* Begin PBXSourcesBuildPhase section */
		062FDF54257E669B00949D54 /* Sources */ = {
			isa = PBXSourcesBuildPhase;
			buildActionMask = 2147483647;
			files = (
				0678C11E2581B09500949700 /* CategoryCell.swift in Sources */,
				062FDF81257E694700949D54 /* APIRouter.swift in Sources */,
				062FDF87257E708200949D54 /* UIImageView+CircularImage.swift in Sources */,
				062FDF5C257E669B00949D54 /* AppDelegate.swift in Sources */,
				06DD993E257FBA0B00D36344 /* HomeViewModel.swift in Sources */,
				0678C1212581CA4C00949700 /* UIColor+getColorByHex.swift in Sources */,
				06DD9940257FBA3100D36344 /* HomeView.swift in Sources */,
				06DD9960257FF35F00D36344 /* MainCategoriesResponse.swift in Sources */,
				062FDF7F257E687D00949D54 /* APIManager.swift in Sources */,
				062FDF7D257E67F200949D54 /* UserDefaultsManager.swift in Sources */,
				062FDF79257E678D00949D54 /* Constants.swift in Sources */,
				06DD9943257FBAA100D36344 /* HomeVC.swift in Sources */,
				062FDF83257E6F4A00949D54 /* UIViewController+Storyboard.swift in Sources */,
				062FDF85257E6F9B00949D54 /* UIView+ActivityIndicator.swift in Sources */,
			);
			runOnlyForDeploymentPostprocessing = 0;
		};
/* End PBXSourcesBuildPhase section */

/* Begin PBXVariantGroup section */
		062FDF61257E669B00949D54 /* Home.storyboard */ = {
			isa = PBXVariantGroup;
			children = (
				062FDF62257E669B00949D54 /* Base */,
			);
			name = Home.storyboard;
			sourceTree = "<group>";
		};
		062FDF66257E669E00949D54 /* LaunchScreen.storyboard */ = {
			isa = PBXVariantGroup;
			children = (
				062FDF67257E669E00949D54 /* Base */,
			);
			name = LaunchScreen.storyboard;
			sourceTree = "<group>";
		};
/* End PBXVariantGroup section */

/* Begin XCBuildConfiguration section */
		062FDF6A257E669E00949D54 /* Debug */ = {
			isa = XCBuildConfiguration;
			buildSettings = {
				ALWAYS_SEARCH_USER_PATHS = NO;
				CLANG_ANALYZER_NONNULL = YES;
				CLANG_ANALYZER_NUMBER_OBJECT_CONVERSION = YES_AGGRESSIVE;
				CLANG_CXX_LANGUAGE_STANDARD = "gnu++14";
				CLANG_CXX_LIBRARY = "libc++";
				CLANG_ENABLE_MODULES = YES;
				CLANG_ENABLE_OBJC_ARC = YES;
				CLANG_ENABLE_OBJC_WEAK = YES;
				CLANG_WARN_BLOCK_CAPTURE_AUTORELEASING = YES;
				CLANG_WARN_BOOL_CONVERSION = YES;
				CLANG_WARN_COMMA = YES;
				CLANG_WARN_CONSTANT_CONVERSION = YES;
				CLANG_WARN_DEPRECATED_OBJC_IMPLEMENTATIONS = YES;
				CLANG_WARN_DIRECT_OBJC_ISA_USAGE = YES_ERROR;
				CLANG_WARN_DOCUMENTATION_COMMENTS = YES;
				CLANG_WARN_EMPTY_BODY = YES;
				CLANG_WARN_ENUM_CONVERSION = YES;
				CLANG_WARN_INFINITE_RECURSION = YES;
				CLANG_WARN_INT_CONVERSION = YES;
				CLANG_WARN_NON_LITERAL_NULL_CONVERSION = YES;
				CLANG_WARN_OBJC_IMPLICIT_RETAIN_SELF = YES;
				CLANG_WARN_OBJC_LITERAL_CONVERSION = YES;
				CLANG_WARN_OBJC_ROOT_CLASS = YES_ERROR;
				CLANG_WARN_RANGE_LOOP_ANALYSIS = YES;
				CLANG_WARN_STRICT_PROTOTYPES = YES;
				CLANG_WARN_SUSPICIOUS_MOVE = YES;
				CLANG_WARN_UNGUARDED_AVAILABILITY = YES_AGGRESSIVE;
				CLANG_WARN_UNREACHABLE_CODE = YES;
				CLANG_WARN__DUPLICATE_METHOD_MATCH = YES;
				COPY_PHASE_STRIP = NO;
				DEBUG_INFORMATION_FORMAT = dwarf;
				ENABLE_STRICT_OBJC_MSGSEND = YES;
				ENABLE_TESTABILITY = YES;
				GCC_C_LANGUAGE_STANDARD = gnu11;
				GCC_DYNAMIC_NO_PIC = NO;
				GCC_NO_COMMON_BLOCKS = YES;
				GCC_OPTIMIZATION_LEVEL = 0;
				GCC_PREPROCESSOR_DEFINITIONS = (
					"DEBUG=1",
					"$(inherited)",
				);
				GCC_WARN_64_TO_32_BIT_CONVERSION = YES;
				GCC_WARN_ABOUT_RETURN_TYPE = YES_ERROR;
				GCC_WARN_UNDECLARED_SELECTOR = YES;
				GCC_WARN_UNINITIALIZED_AUTOS = YES_AGGRESSIVE;
				GCC_WARN_UNUSED_FUNCTION = YES;
				GCC_WARN_UNUSED_VARIABLE = YES;
				IPHONEOS_DEPLOYMENT_TARGET = 12.0;
				MTL_ENABLE_DEBUG_INFO = INCLUDE_SOURCE;
				MTL_FAST_MATH = YES;
				ONLY_ACTIVE_ARCH = YES;
				SDKROOT = iphoneos;
				SWIFT_ACTIVE_COMPILATION_CONDITIONS = DEBUG;
				SWIFT_OPTIMIZATION_LEVEL = "-Onone";
			};
			name = Debug;
		};
		062FDF6B257E669E00949D54 /* Release */ = {
			isa = XCBuildConfiguration;
			buildSettings = {
				ALWAYS_SEARCH_USER_PATHS = NO;
				CLANG_ANALYZER_NONNULL = YES;
				CLANG_ANALYZER_NUMBER_OBJECT_CONVERSION = YES_AGGRESSIVE;
				CLANG_CXX_LANGUAGE_STANDARD = "gnu++14";
				CLANG_CXX_LIBRARY = "libc++";
				CLANG_ENABLE_MODULES = YES;
				CLANG_ENABLE_OBJC_ARC = YES;
				CLANG_ENABLE_OBJC_WEAK = YES;
				CLANG_WARN_BLOCK_CAPTURE_AUTORELEASING = YES;
				CLANG_WARN_BOOL_CONVERSION = YES;
				CLANG_WARN_COMMA = YES;
				CLANG_WARN_CONSTANT_CONVERSION = YES;
				CLANG_WARN_DEPRECATED_OBJC_IMPLEMENTATIONS = YES;
				CLANG_WARN_DIRECT_OBJC_ISA_USAGE = YES_ERROR;
				CLANG_WARN_DOCUMENTATION_COMMENTS = YES;
				CLANG_WARN_EMPTY_BODY = YES;
				CLANG_WARN_ENUM_CONVERSION = YES;
				CLANG_WARN_INFINITE_RECURSION = YES;
				CLANG_WARN_INT_CONVERSION = YES;
				CLANG_WARN_NON_LITERAL_NULL_CONVERSION = YES;
				CLANG_WARN_OBJC_IMPLICIT_RETAIN_SELF = YES;
				CLANG_WARN_OBJC_LITERAL_CONVERSION = YES;
				CLANG_WARN_OBJC_ROOT_CLASS = YES_ERROR;
				CLANG_WARN_RANGE_LOOP_ANALYSIS = YES;
				CLANG_WARN_STRICT_PROTOTYPES = YES;
				CLANG_WARN_SUSPICIOUS_MOVE = YES;
				CLANG_WARN_UNGUARDED_AVAILABILITY = YES_AGGRESSIVE;
				CLANG_WARN_UNREACHABLE_CODE = YES;
				CLANG_WARN__DUPLICATE_METHOD_MATCH = YES;
				COPY_PHASE_STRIP = NO;
				DEBUG_INFORMATION_FORMAT = "dwarf-with-dsym";
				ENABLE_NS_ASSERTIONS = NO;
				ENABLE_STRICT_OBJC_MSGSEND = YES;
				GCC_C_LANGUAGE_STANDARD = gnu11;
				GCC_NO_COMMON_BLOCKS = YES;
				GCC_WARN_64_TO_32_BIT_CONVERSION = YES;
				GCC_WARN_ABOUT_RETURN_TYPE = YES_ERROR;
				GCC_WARN_UNDECLARED_SELECTOR = YES;
				GCC_WARN_UNINITIALIZED_AUTOS = YES_AGGRESSIVE;
				GCC_WARN_UNUSED_FUNCTION = YES;
				GCC_WARN_UNUSED_VARIABLE = YES;
				IPHONEOS_DEPLOYMENT_TARGET = 12.0;
				MTL_ENABLE_DEBUG_INFO = NO;
				MTL_FAST_MATH = YES;
				SDKROOT = iphoneos;
				SWIFT_COMPILATION_MODE = wholemodule;
				SWIFT_OPTIMIZATION_LEVEL = "-O";
				VALIDATE_PRODUCT = YES;
			};
			name = Release;
		};
		062FDF6D257E669E00949D54 /* Debug */ = {
			isa = XCBuildConfiguration;
			baseConfigurationReference = C60A97CD5B7753B53A601432 /* Pods-IDEHospital.debug.xcconfig */;
			buildSettings = {
				ASSETCATALOG_COMPILER_APPICON_NAME = AppIcon;
				CODE_SIGN_STYLE = Automatic;
				DEVELOPMENT_TEAM = GR45BCY358;
				INFOPLIST_FILE = IDEHospital/Info.plist;
				IPHONEOS_DEPLOYMENT_TARGET = 12.0;
				LD_RUNPATH_SEARCH_PATHS = (
					"$(inherited)",
					"@executable_path/Frameworks",
				);
				PRODUCT_BUNDLE_IDENTIFIER = IDEAcademy.IDEHospital;
				PRODUCT_NAME = "$(TARGET_NAME)";
				SWIFT_VERSION = 5.0;
				TARGETED_DEVICE_FAMILY = 1;
			};
			name = Debug;
		};
		062FDF6E257E669E00949D54 /* Release */ = {
			isa = XCBuildConfiguration;
			baseConfigurationReference = 8569C0829D2161F9E9E57603 /* Pods-IDEHospital.release.xcconfig */;
			buildSettings = {
				ASSETCATALOG_COMPILER_APPICON_NAME = AppIcon;
				CODE_SIGN_STYLE = Automatic;
				DEVELOPMENT_TEAM = GR45BCY358;
				INFOPLIST_FILE = IDEHospital/Info.plist;
				IPHONEOS_DEPLOYMENT_TARGET = 12.0;
				LD_RUNPATH_SEARCH_PATHS = (
					"$(inherited)",
					"@executable_path/Frameworks",
				);
				PRODUCT_BUNDLE_IDENTIFIER = IDEAcademy.IDEHospital;
				PRODUCT_NAME = "$(TARGET_NAME)";
				SWIFT_VERSION = 5.0;
				TARGETED_DEVICE_FAMILY = 1;
			};
			name = Release;
		};
/* End XCBuildConfiguration section */

/* Begin XCConfigurationList section */
		062FDF53257E669B00949D54 /* Build configuration list for PBXProject "IDEHospital" */ = {
			isa = XCConfigurationList;
			buildConfigurations = (
				062FDF6A257E669E00949D54 /* Debug */,
				062FDF6B257E669E00949D54 /* Release */,
			);
			defaultConfigurationIsVisible = 0;
			defaultConfigurationName = Release;
		};
		062FDF6C257E669E00949D54 /* Build configuration list for PBXNativeTarget "IDEHospital" */ = {
			isa = XCConfigurationList;
			buildConfigurations = (
				062FDF6D257E669E00949D54 /* Debug */,
				062FDF6E257E669E00949D54 /* Release */,
			);
			defaultConfigurationIsVisible = 0;
			defaultConfigurationName = Release;
		};
/* End XCConfigurationList section */
	};
	rootObject = 062FDF50257E669B00949D54 /* Project object */;
}
