// !$*UTF8*$!
{
	archiveVersion = 1;
	classes = {
	};
	objectVersion = 51;
	objects = {

/* Begin PBXBuildFile section */
		0605D6722589541D006E38D8 /* MyFavoritesVC.swift in Sources */ = {isa = PBXBuildFile; fileRef = 0605D6712589541D006E38D8 /* MyFavoritesVC.swift */; };
		0605D6742589544F006E38D8 /* MyFavoritesView.swift in Sources */ = {isa = PBXBuildFile; fileRef = 0605D6732589544F006E38D8 /* MyFavoritesView.swift */; };
		0605D67625895473006E38D8 /* MyFavorites.storyboard in Resources */ = {isa = PBXBuildFile; fileRef = 0605D67525895473006E38D8 /* MyFavorites.storyboard */; };
		0605D678258954E1006E38D8 /* MyFavoritesViewModel.swift in Sources */ = {isa = PBXBuildFile; fileRef = 0605D677258954E1006E38D8 /* MyFavoritesViewModel.swift */; };
		0605D67C258959F3006E38D8 /* MyFavoriteCell.swift in Sources */ = {isa = PBXBuildFile; fileRef = 0605D67A258959F3006E38D8 /* MyFavoriteCell.swift */; };
		0605D67D258959F3006E38D8 /* MyFavoriteCell.xib in Resources */ = {isa = PBXBuildFile; fileRef = 0605D67B258959F3006E38D8 /* MyFavoriteCell.xib */; };
		0605D67F2589B602006E38D8 /* CustomButton.swift in Sources */ = {isa = PBXBuildFile; fileRef = 0605D67E2589B602006E38D8 /* CustomButton.swift */; };
		06064CEA2582C693006ADB86 /* AssetsManager.swift in Sources */ = {isa = PBXBuildFile; fileRef = 06064CE92582C693006ADB86 /* AssetsManager.swift */; };
		062FDF5C257E669B00949D54 /* AppDelegate.swift in Sources */ = {isa = PBXBuildFile; fileRef = 062FDF5B257E669B00949D54 /* AppDelegate.swift */; };
		062FDF63257E669B00949D54 /* Home.storyboard in Resources */ = {isa = PBXBuildFile; fileRef = 062FDF61257E669B00949D54 /* Home.storyboard */; };
		062FDF68257E669E00949D54 /* LaunchScreen.storyboard in Resources */ = {isa = PBXBuildFile; fileRef = 062FDF66257E669E00949D54 /* LaunchScreen.storyboard */; };
		062FDF79257E678D00949D54 /* Constants.swift in Sources */ = {isa = PBXBuildFile; fileRef = 062FDF78257E678D00949D54 /* Constants.swift */; };
		062FDF7D257E67F200949D54 /* UserDefaultsManager.swift in Sources */ = {isa = PBXBuildFile; fileRef = 062FDF7C257E67F200949D54 /* UserDefaultsManager.swift */; };
		062FDF7F257E687D00949D54 /* APIManager.swift in Sources */ = {isa = PBXBuildFile; fileRef = 062FDF7E257E687D00949D54 /* APIManager.swift */; };
		062FDF83257E6F4A00949D54 /* UIViewController+Storyboard.swift in Sources */ = {isa = PBXBuildFile; fileRef = 062FDF82257E6F4A00949D54 /* UIViewController+Storyboard.swift */; };
		0644BB292590EE0300963D65 /* MyAppointmentCell.swift in Sources */ = {isa = PBXBuildFile; fileRef = 0644BB272590EE0300963D65 /* MyAppointmentCell.swift */; };
		0644BB2A2590EE0300963D65 /* MyAppointmentCell.xib in Resources */ = {isa = PBXBuildFile; fileRef = 0644BB282590EE0300963D65 /* MyAppointmentCell.xib */; };
		0644BB2C2590F47900963D65 /* MyAppointmentsVC.swift in Sources */ = {isa = PBXBuildFile; fileRef = 0644BB2B2590F47900963D65 /* MyAppointmentsVC.swift */; };
		0644BB2E2590F48900963D65 /* MyAppointmentsView.swift in Sources */ = {isa = PBXBuildFile; fileRef = 0644BB2D2590F48900963D65 /* MyAppointmentsView.swift */; };
		0644BB322590F4E000963D65 /* MyAppointmentsViewModel.swift in Sources */ = {isa = PBXBuildFile; fileRef = 0644BB312590F4E000963D65 /* MyAppointmentsViewModel.swift */; };
		0644BB342590F6E600963D65 /* MyAppointments.storyboard in Resources */ = {isa = PBXBuildFile; fileRef = 0644BB332590F6E600963D65 /* MyAppointments.storyboard */; };
		0655740E2582829900CFEE4F /* MainCategoriesResponse.swift in Sources */ = {isa = PBXBuildFile; fileRef = 0655740D2582829900CFEE4F /* MainCategoriesResponse.swift */; };
		0657F1A225911E03003C9586 /* MyAppointmentResponse.swift in Sources */ = {isa = PBXBuildFile; fileRef = 0657F1A125911E03003C9586 /* MyAppointmentResponse.swift */; };
		0657F1A4259127B5003C9586 /* MyAppointmentCellViewModel.swift in Sources */ = {isa = PBXBuildFile; fileRef = 0657F1A3259127B5003C9586 /* MyAppointmentCellViewModel.swift */; };
		067584C9258D7CDD00A65404 /* UIViewController+ShowAlert.swift in Sources */ = {isa = PBXBuildFile; fileRef = 067584C8258D7CDD00A65404 /* UIViewController+ShowAlert.swift */; };
		0678C11E2581B09500949700 /* CategoryCell.swift in Sources */ = {isa = PBXBuildFile; fileRef = 0678C11C2581B09500949700 /* CategoryCell.swift */; };
		0678C11F2581B09500949700 /* CategoryCell.xib in Resources */ = {isa = PBXBuildFile; fileRef = 0678C11D2581B09500949700 /* CategoryCell.xib */; };
		0678C1212581CA4C00949700 /* UIColor+getColorByHex.swift in Sources */ = {isa = PBXBuildFile; fileRef = 0678C1202581CA4C00949700 /* UIColor+getColorByHex.swift */; };
		0699F05D258D1F3E00C2AF5F /* MyFavoriteResponse.swift in Sources */ = {isa = PBXBuildFile; fileRef = 0699F05C258D1F3E00C2AF5F /* MyFavoriteResponse.swift */; };
		0699F05F258D5A3A00C2AF5F /* MyFavoriteCellViewModel.swift in Sources */ = {isa = PBXBuildFile; fileRef = 0699F05E258D5A3A00C2AF5F /* MyFavoriteCellViewModel.swift */; };
		06AB4F11258404CA00A0B658 /* UIViewController+NavControllerSetup.swift in Sources */ = {isa = PBXBuildFile; fileRef = 06AB4F10258404CA00A0B658 /* UIViewController+NavControllerSetup.swift */; };
		06BB4E1E2585334700D2C4E3 /* APIRouter.swift in Sources */ = {isa = PBXBuildFile; fileRef = 062FDF80257E694700949D54 /* APIRouter.swift */; };
		06BB4E1F2585337200D2C4E3 /* Assets.xcassets in Resources */ = {isa = PBXBuildFile; fileRef = 062FDF64257E669E00949D54 /* Assets.xcassets */; };
		06DD993E257FBA0B00D36344 /* HomeViewModel.swift in Sources */ = {isa = PBXBuildFile; fileRef = 06DD993D257FBA0B00D36344 /* HomeViewModel.swift */; };
		06DD9940257FBA3100D36344 /* HomeView.swift in Sources */ = {isa = PBXBuildFile; fileRef = 06DD993F257FBA3100D36344 /* HomeView.swift */; };
		06DD9943257FBAA100D36344 /* HomeVC.swift in Sources */ = {isa = PBXBuildFile; fileRef = 06DD9942257FBAA100D36344 /* HomeVC.swift */; };
		06DD995A257FE68E00D36344 /* PTSans-Italic.ttf in Resources */ = {isa = PBXBuildFile; fileRef = 06DD9956257FE68E00D36344 /* PTSans-Italic.ttf */; };
		06DD995B257FE68E00D36344 /* PTSans-Regular.ttf in Resources */ = {isa = PBXBuildFile; fileRef = 06DD9957257FE68E00D36344 /* PTSans-Regular.ttf */; };
		06DD995C257FE68E00D36344 /* PTSans-BoldItalic.ttf in Resources */ = {isa = PBXBuildFile; fileRef = 06DD9958257FE68E00D36344 /* PTSans-BoldItalic.ttf */; };
		06DD995D257FE68E00D36344 /* PTSans-Bold.ttf in Resources */ = {isa = PBXBuildFile; fileRef = 06DD9959257FE68E00D36344 /* PTSans-Bold.ttf */; };
		97D6CEE065259CA6151A715D /* Pods_IDEHospital.framework in Frameworks */ = {isa = PBXBuildFile; fileRef = 39C6039448DDB167416F6840 /* Pods_IDEHospital.framework */; };
		991B7B6B258681CB00700114 /* Localizable.strings in Resources */ = {isa = PBXBuildFile; fileRef = 991B7B6A258681CB00700114 /* Localizable.strings */; };
		991B7B6D2586877400700114 /* FontsManager.swift in Sources */ = {isa = PBXBuildFile; fileRef = 991B7B6C2586877400700114 /* FontsManager.swift */; };
		991B7B6F2586878300700114 /* StringsManager.swift in Sources */ = {isa = PBXBuildFile; fileRef = 991B7B6E2586878300700114 /* StringsManager.swift */; };
		99245A7C2592366800608FE1 /* RequestData.swift in Sources */ = {isa = PBXBuildFile; fileRef = 99245A7B2592366800608FE1 /* RequestData.swift */; };
		99343E46258FC274008E069F /* SearchResults.swift in Sources */ = {isa = PBXBuildFile; fileRef = 99343E45258FC274008E069F /* SearchResults.swift */; };
		99343E4825902FFF008E069F /* SearchResultsViewModel.swift in Sources */ = {isa = PBXBuildFile; fileRef = 99343E4725902FFF008E069F /* SearchResultsViewModel.swift */; };
		99343E4A2590603C008E069F /* DoctorsFilter.swift in Sources */ = {isa = PBXBuildFile; fileRef = 99343E492590603C008E069F /* DoctorsFilter.swift */; };
		9938FC232580FBBB003781E5 /* UIView+SetupBackground.swift in Sources */ = {isa = PBXBuildFile; fileRef = 9938FC222580FBBB003781E5 /* UIView+SetupBackground.swift */; };
		9938FC25258173CC003781E5 /* UIView+CornerRadius.swift in Sources */ = {isa = PBXBuildFile; fileRef = 9938FC24258173CC003781E5 /* UIView+CornerRadius.swift */; };
		993AD11B25873212005311CD /* PaddedTextField.swift in Sources */ = {isa = PBXBuildFile; fileRef = 993AD11A25873212005311CD /* PaddedTextField.swift */; };
		995CAC73258B9D6F0042527F /* ValidationManager.swift in Sources */ = {isa = PBXBuildFile; fileRef = 995CAC72258B9D6F0042527F /* ValidationManager.swift */; };
		995CAC75258B9EC40042527F /* String+Trimming.swift in Sources */ = {isa = PBXBuildFile; fileRef = 995CAC74258B9EC40042527F /* String+Trimming.swift */; };
		9966C2FB2582636B0016A8CB /* ServiceSearchViewModel.swift in Sources */ = {isa = PBXBuildFile; fileRef = 9966C2FA2582636B0016A8CB /* ServiceSearchViewModel.swift */; };
		99697C62257F803900B6BFBE /* ServiceSearch.storyboard in Resources */ = {isa = PBXBuildFile; fileRef = 99697C61257F803900B6BFBE /* ServiceSearch.storyboard */; };
		99697C65257F80BD00B6BFBE /* ServiceSearchVC.swift in Sources */ = {isa = PBXBuildFile; fileRef = 99697C64257F80BD00B6BFBE /* ServiceSearchVC.swift */; };
		99697C67257F80DB00B6BFBE /* ServiceSearchView.swift in Sources */ = {isa = PBXBuildFile; fileRef = 99697C66257F80DB00B6BFBE /* ServiceSearchView.swift */; };
		998F8B14258E41BA006AB00A /* SearchResults.storyboard in Resources */ = {isa = PBXBuildFile; fileRef = 998F8B13258E41BA006AB00A /* SearchResults.storyboard */; };
		9990F7ED258D751B00991401 /* SearchResultsCell.swift in Sources */ = {isa = PBXBuildFile; fileRef = 9990F7EB258D751B00991401 /* SearchResultsCell.swift */; };
		9990F7EE258D751B00991401 /* SearchResultsCell.xib in Resources */ = {isa = PBXBuildFile; fileRef = 9990F7EC258D751B00991401 /* SearchResultsCell.xib */; };
		999A5C1B258E434200FC0792 /* SearchResultsVC.swift in Sources */ = {isa = PBXBuildFile; fileRef = 999A5C1A258E434200FC0792 /* SearchResultsVC.swift */; };
		999A5C1D258E438900FC0792 /* SearchResultsView.swift in Sources */ = {isa = PBXBuildFile; fileRef = 999A5C1C258E438900FC0792 /* SearchResultsView.swift */; };
		999D8CF22582929900CAEA06 /* CategoryResponse.swift in Sources */ = {isa = PBXBuildFile; fileRef = 999D8CF12582929900CAEA06 /* CategoryResponse.swift */; };
		99D14842258EF48E009443F2 /* SortTextField.swift in Sources */ = {isa = PBXBuildFile; fileRef = 99D14841258EF48E009443F2 /* SortTextField.swift */; };
		99E7AD0725824E2800AAB5B0 /* MainTabBar.swift in Sources */ = {isa = PBXBuildFile; fileRef = 99E7AD0625824E2800AAB5B0 /* MainTabBar.swift */; };
		99F395DF2589894E00ACBD3B /* HomeNurseVC.swift in Sources */ = {isa = PBXBuildFile; fileRef = 99F395DE2589894E00ACBD3B /* HomeNurseVC.swift */; };
		99F395E12589899600ACBD3B /* HomeNurse.storyboard in Resources */ = {isa = PBXBuildFile; fileRef = 99F395E02589899600ACBD3B /* HomeNurse.storyboard */; };
		99F395E425898E0700ACBD3B /* HomeNurseView.swift in Sources */ = {isa = PBXBuildFile; fileRef = 99F395E325898E0700ACBD3B /* HomeNurseView.swift */; };
		99F49F26258A8F6A0039A280 /* HomeNurseViewModel.swift in Sources */ = {isa = PBXBuildFile; fileRef = 99F49F25258A8F6A0039A280 /* HomeNurseViewModel.swift */; };
		99F49F28258A955F0039A280 /* IDEAHospitalTextField.swift in Sources */ = {isa = PBXBuildFile; fileRef = 99F49F27258A955F0039A280 /* IDEAHospitalTextField.swift */; };
		99F4D946259259C20078BE1D /* UIView+ActivityIndicator.swift in Sources */ = {isa = PBXBuildFile; fileRef = 062FDF84257E6F9B00949D54 /* UIView+ActivityIndicator.swift */; };
		99F4D947259259C20078BE1D /* UIViewController+ShowSimpleAlert.swift in Sources */ = {isa = PBXBuildFile; fileRef = 999A71082584122200678453 /* UIViewController+ShowSimpleAlert.swift */; };
		99F4D948259259C20078BE1D /* UIImageView+CircularImage.swift in Sources */ = {isa = PBXBuildFile; fileRef = 06BB4E202585397D00D2C4E3 /* UIImageView+CircularImage.swift */; };
		99F90A7025847B4A006E7B91 /* Colors.txt in Resources */ = {isa = PBXBuildFile; fileRef = 99F90A6F25847B4A006E7B91 /* Colors.txt */; };
		99F90A7225847F44006E7B91 /* ColorsManager.swift in Sources */ = {isa = PBXBuildFile; fileRef = 99F90A7125847F44006E7B91 /* ColorsManager.swift */; };
/* End PBXBuildFile section */

/* Begin PBXFileReference section */
		0605D6712589541D006E38D8 /* MyFavoritesVC.swift */ = {isa = PBXFileReference; lastKnownFileType = sourcecode.swift; path = MyFavoritesVC.swift; sourceTree = "<group>"; };
		0605D6732589544F006E38D8 /* MyFavoritesView.swift */ = {isa = PBXFileReference; lastKnownFileType = sourcecode.swift; path = MyFavoritesView.swift; sourceTree = "<group>"; };
		0605D67525895473006E38D8 /* MyFavorites.storyboard */ = {isa = PBXFileReference; lastKnownFileType = file.storyboard; path = MyFavorites.storyboard; sourceTree = "<group>"; };
		0605D677258954E1006E38D8 /* MyFavoritesViewModel.swift */ = {isa = PBXFileReference; lastKnownFileType = sourcecode.swift; path = MyFavoritesViewModel.swift; sourceTree = "<group>"; };
		0605D67A258959F3006E38D8 /* MyFavoriteCell.swift */ = {isa = PBXFileReference; lastKnownFileType = sourcecode.swift; path = MyFavoriteCell.swift; sourceTree = "<group>"; };
		0605D67B258959F3006E38D8 /* MyFavoriteCell.xib */ = {isa = PBXFileReference; lastKnownFileType = file.xib; path = MyFavoriteCell.xib; sourceTree = "<group>"; };
		0605D67E2589B602006E38D8 /* CustomButton.swift */ = {isa = PBXFileReference; lastKnownFileType = sourcecode.swift; path = CustomButton.swift; sourceTree = "<group>"; };
		06064CE92582C693006ADB86 /* AssetsManager.swift */ = {isa = PBXFileReference; fileEncoding = 4; lastKnownFileType = sourcecode.swift; path = AssetsManager.swift; sourceTree = "<group>"; };
		06064D2125830A8A006ADB86 /* Colors.txt */ = {isa = PBXFileReference; lastKnownFileType = text; path = Colors.txt; sourceTree = "<group>"; };
		06064D2325830CBB006ADB86 /* ColorsManager.swift */ = {isa = PBXFileReference; fileEncoding = 4; lastKnownFileType = sourcecode.swift; path = ColorsManager.swift; sourceTree = "<group>"; };
		062FDF58257E669B00949D54 /* IDEHospital.app */ = {isa = PBXFileReference; explicitFileType = wrapper.application; includeInIndex = 0; path = IDEHospital.app; sourceTree = BUILT_PRODUCTS_DIR; };
		062FDF5B257E669B00949D54 /* AppDelegate.swift */ = {isa = PBXFileReference; lastKnownFileType = sourcecode.swift; path = AppDelegate.swift; sourceTree = "<group>"; };
		062FDF62257E669B00949D54 /* Base */ = {isa = PBXFileReference; lastKnownFileType = file.storyboard; name = Base; path = Base.lproj/Home.storyboard; sourceTree = "<group>"; };
		062FDF64257E669E00949D54 /* Assets.xcassets */ = {isa = PBXFileReference; lastKnownFileType = folder.assetcatalog; path = Assets.xcassets; sourceTree = "<group>"; };
		062FDF67257E669E00949D54 /* Base */ = {isa = PBXFileReference; lastKnownFileType = file.storyboard; name = Base; path = Base.lproj/LaunchScreen.storyboard; sourceTree = "<group>"; };
		062FDF69257E669E00949D54 /* Info.plist */ = {isa = PBXFileReference; lastKnownFileType = text.plist.xml; path = Info.plist; sourceTree = "<group>"; };
		062FDF78257E678D00949D54 /* Constants.swift */ = {isa = PBXFileReference; lastKnownFileType = sourcecode.swift; path = Constants.swift; sourceTree = "<group>"; };
		062FDF7C257E67F200949D54 /* UserDefaultsManager.swift */ = {isa = PBXFileReference; lastKnownFileType = sourcecode.swift; path = UserDefaultsManager.swift; sourceTree = "<group>"; };
		062FDF7E257E687D00949D54 /* APIManager.swift */ = {isa = PBXFileReference; lastKnownFileType = sourcecode.swift; path = APIManager.swift; sourceTree = "<group>"; };
		062FDF80257E694700949D54 /* APIRouter.swift */ = {isa = PBXFileReference; lastKnownFileType = sourcecode.swift; path = APIRouter.swift; sourceTree = "<group>"; };
		062FDF82257E6F4A00949D54 /* UIViewController+Storyboard.swift */ = {isa = PBXFileReference; lastKnownFileType = sourcecode.swift; path = "UIViewController+Storyboard.swift"; sourceTree = "<group>"; };
		062FDF84257E6F9B00949D54 /* UIView+ActivityIndicator.swift */ = {isa = PBXFileReference; lastKnownFileType = sourcecode.swift; path = "UIView+ActivityIndicator.swift"; sourceTree = "<group>"; };
		0644BB272590EE0300963D65 /* MyAppointmentCell.swift */ = {isa = PBXFileReference; lastKnownFileType = sourcecode.swift; path = MyAppointmentCell.swift; sourceTree = "<group>"; };
		0644BB282590EE0300963D65 /* MyAppointmentCell.xib */ = {isa = PBXFileReference; lastKnownFileType = file.xib; path = MyAppointmentCell.xib; sourceTree = "<group>"; };
		0644BB2B2590F47900963D65 /* MyAppointmentsVC.swift */ = {isa = PBXFileReference; lastKnownFileType = sourcecode.swift; path = MyAppointmentsVC.swift; sourceTree = "<group>"; };
		0644BB2D2590F48900963D65 /* MyAppointmentsView.swift */ = {isa = PBXFileReference; lastKnownFileType = sourcecode.swift; path = MyAppointmentsView.swift; sourceTree = "<group>"; };
		0644BB312590F4E000963D65 /* MyAppointmentsViewModel.swift */ = {isa = PBXFileReference; lastKnownFileType = sourcecode.swift; path = MyAppointmentsViewModel.swift; sourceTree = "<group>"; };
		0644BB332590F6E600963D65 /* MyAppointments.storyboard */ = {isa = PBXFileReference; lastKnownFileType = file.storyboard; path = MyAppointments.storyboard; sourceTree = "<group>"; };
		0655740D2582829900CFEE4F /* MainCategoriesResponse.swift */ = {isa = PBXFileReference; fileEncoding = 4; lastKnownFileType = sourcecode.swift; path = MainCategoriesResponse.swift; sourceTree = "<group>"; };
		0657F1A125911E03003C9586 /* MyAppointmentResponse.swift */ = {isa = PBXFileReference; lastKnownFileType = sourcecode.swift; path = MyAppointmentResponse.swift; sourceTree = "<group>"; };
		0657F1A3259127B5003C9586 /* MyAppointmentCellViewModel.swift */ = {isa = PBXFileReference; lastKnownFileType = sourcecode.swift; path = MyAppointmentCellViewModel.swift; sourceTree = "<group>"; };
		067584C8258D7CDD00A65404 /* UIViewController+ShowAlert.swift */ = {isa = PBXFileReference; lastKnownFileType = sourcecode.swift; path = "UIViewController+ShowAlert.swift"; sourceTree = "<group>"; };
		0678C11C2581B09500949700 /* CategoryCell.swift */ = {isa = PBXFileReference; lastKnownFileType = sourcecode.swift; path = CategoryCell.swift; sourceTree = "<group>"; };
		0678C11D2581B09500949700 /* CategoryCell.xib */ = {isa = PBXFileReference; lastKnownFileType = file.xib; path = CategoryCell.xib; sourceTree = "<group>"; };
		0678C1202581CA4C00949700 /* UIColor+getColorByHex.swift */ = {isa = PBXFileReference; lastKnownFileType = sourcecode.swift; path = "UIColor+getColorByHex.swift"; sourceTree = "<group>"; };
		0699F05C258D1F3E00C2AF5F /* MyFavoriteResponse.swift */ = {isa = PBXFileReference; lastKnownFileType = sourcecode.swift; path = MyFavoriteResponse.swift; sourceTree = "<group>"; };
		0699F05E258D5A3A00C2AF5F /* MyFavoriteCellViewModel.swift */ = {isa = PBXFileReference; lastKnownFileType = sourcecode.swift; path = MyFavoriteCellViewModel.swift; sourceTree = "<group>"; };
		06AB4F10258404CA00A0B658 /* UIViewController+NavControllerSetup.swift */ = {isa = PBXFileReference; lastKnownFileType = sourcecode.swift; path = "UIViewController+NavControllerSetup.swift"; sourceTree = "<group>"; };
		06BB4E202585397D00D2C4E3 /* UIImageView+CircularImage.swift */ = {isa = PBXFileReference; fileEncoding = 4; lastKnownFileType = sourcecode.swift; path = "UIImageView+CircularImage.swift"; sourceTree = "<group>"; };
		06DD993D257FBA0B00D36344 /* HomeViewModel.swift */ = {isa = PBXFileReference; lastKnownFileType = sourcecode.swift; path = HomeViewModel.swift; sourceTree = "<group>"; };
		06DD993F257FBA3100D36344 /* HomeView.swift */ = {isa = PBXFileReference; lastKnownFileType = sourcecode.swift; path = HomeView.swift; sourceTree = "<group>"; };
		06DD9942257FBAA100D36344 /* HomeVC.swift */ = {isa = PBXFileReference; fileEncoding = 4; lastKnownFileType = sourcecode.swift; path = HomeVC.swift; sourceTree = "<group>"; };
		06DD9956257FE68E00D36344 /* PTSans-Italic.ttf */ = {isa = PBXFileReference; lastKnownFileType = file; path = "PTSans-Italic.ttf"; sourceTree = "<group>"; };
		06DD9957257FE68E00D36344 /* PTSans-Regular.ttf */ = {isa = PBXFileReference; lastKnownFileType = file; path = "PTSans-Regular.ttf"; sourceTree = "<group>"; };
		06DD9958257FE68E00D36344 /* PTSans-BoldItalic.ttf */ = {isa = PBXFileReference; lastKnownFileType = file; path = "PTSans-BoldItalic.ttf"; sourceTree = "<group>"; };
		06DD9959257FE68E00D36344 /* PTSans-Bold.ttf */ = {isa = PBXFileReference; lastKnownFileType = file; path = "PTSans-Bold.ttf"; sourceTree = "<group>"; };
		39C6039448DDB167416F6840 /* Pods_IDEHospital.framework */ = {isa = PBXFileReference; explicitFileType = wrapper.framework; includeInIndex = 0; path = Pods_IDEHospital.framework; sourceTree = BUILT_PRODUCTS_DIR; };
		8569C0829D2161F9E9E57603 /* Pods-IDEHospital.release.xcconfig */ = {isa = PBXFileReference; includeInIndex = 1; lastKnownFileType = text.xcconfig; name = "Pods-IDEHospital.release.xcconfig"; path = "Target Support Files/Pods-IDEHospital/Pods-IDEHospital.release.xcconfig"; sourceTree = "<group>"; };
		991B7B6A258681CB00700114 /* Localizable.strings */ = {isa = PBXFileReference; lastKnownFileType = text.plist.strings; path = Localizable.strings; sourceTree = "<group>"; };
		991B7B6C2586877400700114 /* FontsManager.swift */ = {isa = PBXFileReference; fileEncoding = 4; lastKnownFileType = sourcecode.swift; path = FontsManager.swift; sourceTree = "<group>"; };
		991B7B6E2586878300700114 /* StringsManager.swift */ = {isa = PBXFileReference; fileEncoding = 4; lastKnownFileType = sourcecode.swift; path = StringsManager.swift; sourceTree = "<group>"; };
		99245A7B2592366800608FE1 /* RequestData.swift */ = {isa = PBXFileReference; lastKnownFileType = sourcecode.swift; path = RequestData.swift; sourceTree = "<group>"; };
		99343E45258FC274008E069F /* SearchResults.swift */ = {isa = PBXFileReference; lastKnownFileType = sourcecode.swift; path = SearchResults.swift; sourceTree = "<group>"; };
		99343E4725902FFF008E069F /* SearchResultsViewModel.swift */ = {isa = PBXFileReference; lastKnownFileType = sourcecode.swift; path = SearchResultsViewModel.swift; sourceTree = "<group>"; };
		99343E492590603C008E069F /* DoctorsFilter.swift */ = {isa = PBXFileReference; lastKnownFileType = sourcecode.swift; path = DoctorsFilter.swift; sourceTree = "<group>"; };
		9938FC222580FBBB003781E5 /* UIView+SetupBackground.swift */ = {isa = PBXFileReference; lastKnownFileType = sourcecode.swift; path = "UIView+SetupBackground.swift"; sourceTree = "<group>"; };
		9938FC24258173CC003781E5 /* UIView+CornerRadius.swift */ = {isa = PBXFileReference; lastKnownFileType = sourcecode.swift; path = "UIView+CornerRadius.swift"; sourceTree = "<group>"; };
		993AD11A25873212005311CD /* PaddedTextField.swift */ = {isa = PBXFileReference; lastKnownFileType = sourcecode.swift; path = PaddedTextField.swift; sourceTree = "<group>"; };
		995CAC72258B9D6F0042527F /* ValidationManager.swift */ = {isa = PBXFileReference; lastKnownFileType = sourcecode.swift; path = ValidationManager.swift; sourceTree = "<group>"; };
		995CAC74258B9EC40042527F /* String+Trimming.swift */ = {isa = PBXFileReference; lastKnownFileType = sourcecode.swift; path = "String+Trimming.swift"; sourceTree = "<group>"; };
		9966C2FA2582636B0016A8CB /* ServiceSearchViewModel.swift */ = {isa = PBXFileReference; lastKnownFileType = sourcecode.swift; name = ServiceSearchViewModel.swift; path = IDEHospital/ViewModel/MainTabs/ServiceSearchViewModel.swift; sourceTree = SOURCE_ROOT; };
		99697C61257F803900B6BFBE /* ServiceSearch.storyboard */ = {isa = PBXFileReference; lastKnownFileType = file.storyboard; path = ServiceSearch.storyboard; sourceTree = "<group>"; };
		99697C64257F80BD00B6BFBE /* ServiceSearchVC.swift */ = {isa = PBXFileReference; lastKnownFileType = sourcecode.swift; path = ServiceSearchVC.swift; sourceTree = "<group>"; };
		99697C66257F80DB00B6BFBE /* ServiceSearchView.swift */ = {isa = PBXFileReference; lastKnownFileType = sourcecode.swift; path = ServiceSearchView.swift; sourceTree = "<group>"; };
		998F8B13258E41BA006AB00A /* SearchResults.storyboard */ = {isa = PBXFileReference; lastKnownFileType = file.storyboard; path = SearchResults.storyboard; sourceTree = "<group>"; };
		9990F7EB258D751B00991401 /* SearchResultsCell.swift */ = {isa = PBXFileReference; lastKnownFileType = sourcecode.swift; path = SearchResultsCell.swift; sourceTree = "<group>"; };
		9990F7EC258D751B00991401 /* SearchResultsCell.xib */ = {isa = PBXFileReference; lastKnownFileType = file.xib; path = SearchResultsCell.xib; sourceTree = "<group>"; };
		999A5C1A258E434200FC0792 /* SearchResultsVC.swift */ = {isa = PBXFileReference; lastKnownFileType = sourcecode.swift; path = SearchResultsVC.swift; sourceTree = "<group>"; };
		999A5C1C258E438900FC0792 /* SearchResultsView.swift */ = {isa = PBXFileReference; lastKnownFileType = sourcecode.swift; path = SearchResultsView.swift; sourceTree = "<group>"; };
		999A71082584122200678453 /* UIViewController+ShowSimpleAlert.swift */ = {isa = PBXFileReference; lastKnownFileType = sourcecode.swift; path = "UIViewController+ShowSimpleAlert.swift"; sourceTree = "<group>"; };
		999D8CF12582929900CAEA06 /* CategoryResponse.swift */ = {isa = PBXFileReference; lastKnownFileType = sourcecode.swift; path = CategoryResponse.swift; sourceTree = "<group>"; };
		99D14841258EF48E009443F2 /* SortTextField.swift */ = {isa = PBXFileReference; lastKnownFileType = sourcecode.swift; path = SortTextField.swift; sourceTree = "<group>"; };
		99E7AD0625824E2800AAB5B0 /* MainTabBar.swift */ = {isa = PBXFileReference; lastKnownFileType = sourcecode.swift; path = MainTabBar.swift; sourceTree = "<group>"; };
		99F395DE2589894E00ACBD3B /* HomeNurseVC.swift */ = {isa = PBXFileReference; lastKnownFileType = sourcecode.swift; path = HomeNurseVC.swift; sourceTree = "<group>"; };
		99F395E02589899600ACBD3B /* HomeNurse.storyboard */ = {isa = PBXFileReference; lastKnownFileType = file.storyboard; path = HomeNurse.storyboard; sourceTree = "<group>"; };
		99F395E325898E0700ACBD3B /* HomeNurseView.swift */ = {isa = PBXFileReference; lastKnownFileType = sourcecode.swift; path = HomeNurseView.swift; sourceTree = "<group>"; };
		99F49F25258A8F6A0039A280 /* HomeNurseViewModel.swift */ = {isa = PBXFileReference; lastKnownFileType = sourcecode.swift; path = HomeNurseViewModel.swift; sourceTree = "<group>"; };
		99F49F27258A955F0039A280 /* IDEAHospitalTextField.swift */ = {isa = PBXFileReference; lastKnownFileType = sourcecode.swift; path = IDEAHospitalTextField.swift; sourceTree = "<group>"; };
		99F90A6F25847B4A006E7B91 /* Colors.txt */ = {isa = PBXFileReference; lastKnownFileType = text; path = Colors.txt; sourceTree = "<group>"; };
		99F90A7125847F44006E7B91 /* ColorsManager.swift */ = {isa = PBXFileReference; fileEncoding = 4; lastKnownFileType = sourcecode.swift; path = ColorsManager.swift; sourceTree = "<group>"; };
		C60A97CD5B7753B53A601432 /* Pods-IDEHospital.debug.xcconfig */ = {isa = PBXFileReference; includeInIndex = 1; lastKnownFileType = text.xcconfig; name = "Pods-IDEHospital.debug.xcconfig"; path = "Target Support Files/Pods-IDEHospital/Pods-IDEHospital.debug.xcconfig"; sourceTree = "<group>"; };
/* End PBXFileReference section */

/* Begin PBXFrameworksBuildPhase section */
		062FDF55257E669B00949D54 /* Frameworks */ = {
			isa = PBXFrameworksBuildPhase;
			buildActionMask = 2147483647;
			files = (
				97D6CEE065259CA6151A715D /* Pods_IDEHospital.framework in Frameworks */,
			);
			runOnlyForDeploymentPostprocessing = 0;
		};
/* End PBXFrameworksBuildPhase section */

/* Begin PBXGroup section */
		0605D66F258953B7006E38D8 /* MyFavorites */ = {
			isa = PBXGroup;
			children = (
				0605D6712589541D006E38D8 /* MyFavoritesVC.swift */,
				0605D6732589544F006E38D8 /* MyFavoritesView.swift */,
			);
			path = MyFavorites;
			sourceTree = "<group>";
		};
		0605D670258953C1006E38D8 /* MyAppointments */ = {
			isa = PBXGroup;
			children = (
				0644BB2B2590F47900963D65 /* MyAppointmentsVC.swift */,
				0644BB2D2590F48900963D65 /* MyAppointmentsView.swift */,
			);
			path = MyAppointments;
			sourceTree = "<group>";
		};
		0605D679258959B9006E38D8 /* MyFavoriteCell */ = {
			isa = PBXGroup;
			children = (
				0605D67A258959F3006E38D8 /* MyFavoriteCell.swift */,
				0605D67B258959F3006E38D8 /* MyFavoriteCell.xib */,
			);
			path = MyFavoriteCell;
			sourceTree = "<group>";
		};
		0605D6802589B608006E38D8 /* Buttons */ = {
			isa = PBXGroup;
			children = (
				0605D67E2589B602006E38D8 /* CustomButton.swift */,
			);
			path = Buttons;
			sourceTree = "<group>";
		};
		06064D2025830A62006ADB86 /* Colors */ = {
			isa = PBXGroup;
			children = (
				06064D2125830A8A006ADB86 /* Colors.txt */,
				06064D2325830CBB006ADB86 /* ColorsManager.swift */,
			);
			path = Colors;
			sourceTree = "<group>";
		};
		06243E0C258522FB00CC67EC /* LaunchScreen */ = {
			isa = PBXGroup;
			children = (
				062FDF66257E669E00949D54 /* LaunchScreen.storyboard */,
			);
			path = LaunchScreen;
			sourceTree = "<group>";
		};
		06243E0D2585230600CC67EC /* Home */ = {
			isa = PBXGroup;
			children = (
				062FDF61257E669B00949D54 /* Home.storyboard */,
			);
			path = Home;
			sourceTree = "<group>";
		};
		062FDF4F257E669B00949D54 = {
			isa = PBXGroup;
			children = (
				062FDF5A257E669B00949D54 /* IDEHospital */,
				062FDF59257E669B00949D54 /* Products */,
				4D009CD1F446CACED9E3657C /* Pods */,
				53778EEAF6684817BFE08C39 /* Frameworks */,
			);
			sourceTree = "<group>";
		};
		062FDF59257E669B00949D54 /* Products */ = {
			isa = PBXGroup;
			children = (
				062FDF58257E669B00949D54 /* IDEHospital.app */,
			);
			name = Products;
			sourceTree = "<group>";
		};
		062FDF5A257E669B00949D54 /* IDEHospital */ = {
			isa = PBXGroup;
			children = (
				062FDF72257E670600949D54 /* Shared */,
				062FDF7B257E67CF00949D54 /* Networking */,
				062FDF7A257E67C500949D54 /* Managers */,
				062FDF77257E677B00949D54 /* Utilities */,
				062FDF76257E674A00949D54 /* Extensions */,
				062FDF6F257E66DF00949D54 /* Model */,
				062FDF71257E66E900949D54 /* ViewModel */,
				062FDF70257E66E400949D54 /* View */,
				062FDF73257E670E00949D54 /* Resources */,
				062FDF69257E669E00949D54 /* Info.plist */,
			);
			path = IDEHospital;
			sourceTree = "<group>";
		};
		062FDF6F257E66DF00949D54 /* Model */ = {
			isa = PBXGroup;
			children = (
				999D8CF12582929900CAEA06 /* CategoryResponse.swift */,
				0655740D2582829900CFEE4F /* MainCategoriesResponse.swift */,
				99343E45258FC274008E069F /* SearchResults.swift */,
				99343E492590603C008E069F /* DoctorsFilter.swift */,
				99245A7B2592366800608FE1 /* RequestData.swift */,
				0699F05C258D1F3E00C2AF5F /* MyFavoriteResponse.swift */,
				0657F1A125911E03003C9586 /* MyAppointmentResponse.swift */,
			);
			path = Model;
			sourceTree = "<group>";
		};
		062FDF70257E66E400949D54 /* View */ = {
			isa = PBXGroup;
			children = (
				06DD9941257FBA3800D36344 /* Home */,
				99E7AD0825825C0000AAB5B0 /* MainTabs */,
				99F395DD2589880600ACBD3B /* HomeNurse */,
				999A5C1E258E43A200FC0792 /* SearchResults */,
				06AB4F0F2583F87500A0B658 /* CustomViews */,
			);
			path = View;
			sourceTree = "<group>";
		};
		062FDF71257E66E900949D54 /* ViewModel */ = {
			isa = PBXGroup;
			children = (
				9966C2FC258263980016A8CB /* MainTabs */,
				06DD993D257FBA0B00D36344 /* HomeViewModel.swift */,
				99F49F25258A8F6A0039A280 /* HomeNurseViewModel.swift */,
				99343E4725902FFF008E069F /* SearchResultsViewModel.swift */,
			);
			path = ViewModel;
			sourceTree = "<group>";
		};
		062FDF72257E670600949D54 /* Shared */ = {
			isa = PBXGroup;
			children = (
				062FDF5B257E669B00949D54 /* AppDelegate.swift */,
			);
			path = Shared;
			sourceTree = "<group>";
		};
		062FDF73257E670E00949D54 /* Resources */ = {
			isa = PBXGroup;
			children = (
				991B7B692586817900700114 /* Strings */,
				06064D2025830A62006ADB86 /* Colors */,
				06DD9938257FB47200D36344 /* Fonts */,
				062FDF74257E671400949D54 /* Storyboards */,
				062FDF75257E671A00949D54 /* Assets */,
				999A710D25845F6700678453 /* Colors */,
			);
			path = Resources;
			sourceTree = "<group>";
		};
		062FDF74257E671400949D54 /* Storyboards */ = {
			isa = PBXGroup;
			children = (
				06243E0D2585230600CC67EC /* Home */,
				06243E0C258522FB00CC67EC /* LaunchScreen */,
				99163DB62584B5AB007C351D /* MainTabs */,
				99F395E22589899C00ACBD3B /* HomeNurse */,
				998F8B15258E41C7006AB00A /* SearchResults */,
			);
			path = Storyboards;
			sourceTree = "<group>";
		};
		062FDF75257E671A00949D54 /* Assets */ = {
			isa = PBXGroup;
			children = (
				062FDF64257E669E00949D54 /* Assets.xcassets */,
				06064CE92582C693006ADB86 /* AssetsManager.swift */,
			);
			path = Assets;
			sourceTree = "<group>";
		};
		062FDF76257E674A00949D54 /* Extensions */ = {
			isa = PBXGroup;
			children = (
				999A710525840E1900678453 /* UIView */,
				06AB4F0B2583F84100A0B658 /* UIViewController */,
				06AB4F0C2583F84C00A0B658 /* UIImageVIew */,
				06AB4F0D2583F85500A0B658 /* UIColor */,
				99FD522C258CF80C0005110E /* String */,
			);
			path = Extensions;
			sourceTree = "<group>";
		};
		062FDF77257E677B00949D54 /* Utilities */ = {
			isa = PBXGroup;
			children = (
				062FDF78257E678D00949D54 /* Constants.swift */,
			);
			path = Utilities;
			sourceTree = "<group>";
		};
		062FDF7A257E67C500949D54 /* Managers */ = {
			isa = PBXGroup;
			children = (
				062FDF7C257E67F200949D54 /* UserDefaultsManager.swift */,
				995CAC72258B9D6F0042527F /* ValidationManager.swift */,
			);
			path = Managers;
			sourceTree = "<group>";
		};
		062FDF7B257E67CF00949D54 /* Networking */ = {
			isa = PBXGroup;
			children = (
				062FDF7E257E687D00949D54 /* APIManager.swift */,
				062FDF80257E694700949D54 /* APIRouter.swift */,
			);
			path = Networking;
			sourceTree = "<group>";
		};
		0644BB262590EDD800963D65 /* MyAppointmentCell */ = {
			isa = PBXGroup;
			children = (
				0644BB272590EE0300963D65 /* MyAppointmentCell.swift */,
				0644BB282590EE0300963D65 /* MyAppointmentCell.xib */,
			);
			path = MyAppointmentCell;
			sourceTree = "<group>";
		};
		0644BB2F2590F4B200963D65 /* MyFavorites */ = {
			isa = PBXGroup;
			children = (
				0605D677258954E1006E38D8 /* MyFavoritesViewModel.swift */,
				0699F05E258D5A3A00C2AF5F /* MyFavoriteCellViewModel.swift */,
			);
			path = MyFavorites;
			sourceTree = "<group>";
		};
		0644BB302590F4C100963D65 /* MyAppointments */ = {
			isa = PBXGroup;
			children = (
				0644BB312590F4E000963D65 /* MyAppointmentsViewModel.swift */,
				0657F1A3259127B5003C9586 /* MyAppointmentCellViewModel.swift */,
			);
			path = MyAppointments;
			sourceTree = "<group>";
		};
		0678C11B2581B07200949700 /* CategoryCell */ = {
			isa = PBXGroup;
			children = (
				0678C11C2581B09500949700 /* CategoryCell.swift */,
				0678C11D2581B09500949700 /* CategoryCell.xib */,
			);
			path = CategoryCell;
			sourceTree = "<group>";
		};
		06AB4F0B2583F84100A0B658 /* UIViewController */ = {
			isa = PBXGroup;
			children = (
				062FDF82257E6F4A00949D54 /* UIViewController+Storyboard.swift */,
				999A71082584122200678453 /* UIViewController+ShowSimpleAlert.swift */,
				06AB4F10258404CA00A0B658 /* UIViewController+NavControllerSetup.swift */,
				067584C8258D7CDD00A65404 /* UIViewController+ShowAlert.swift */,
			);
			path = UIViewController;
			sourceTree = "<group>";
		};
		06AB4F0C2583F84C00A0B658 /* UIImageVIew */ = {
			isa = PBXGroup;
			children = (
				06BB4E202585397D00D2C4E3 /* UIImageView+CircularImage.swift */,
			);
			path = UIImageVIew;
			sourceTree = "<group>";
		};
		06AB4F0D2583F85500A0B658 /* UIColor */ = {
			isa = PBXGroup;
			children = (
				0678C1202581CA4C00949700 /* UIColor+getColorByHex.swift */,
			);
			path = UIColor;
			sourceTree = "<group>";
		};
		06AB4F0F2583F87500A0B658 /* CustomViews */ = {
			isa = PBXGroup;
			children = (
				0605D6802589B608006E38D8 /* Buttons */,
				993AD119258731E1005311CD /* TextFields */,
				993AD118258731C9005311CD /* Cells */,
			);
			path = CustomViews;
			sourceTree = "<group>";
		};
		06DD9938257FB47200D36344 /* Fonts */ = {
			isa = PBXGroup;
			children = (
				991B7B6C2586877400700114 /* FontsManager.swift */,
				06DD9959257FE68E00D36344 /* PTSans-Bold.ttf */,
				06DD9958257FE68E00D36344 /* PTSans-BoldItalic.ttf */,
				06DD9956257FE68E00D36344 /* PTSans-Italic.ttf */,
				06DD9957257FE68E00D36344 /* PTSans-Regular.ttf */,
			);
			path = Fonts;
			sourceTree = "<group>";
		};
		06DD9941257FBA3800D36344 /* Home */ = {
			isa = PBXGroup;
			children = (
				06DD9942257FBAA100D36344 /* HomeVC.swift */,
				06DD993F257FBA3100D36344 /* HomeView.swift */,
			);
			path = Home;
			sourceTree = "<group>";
		};
		4D009CD1F446CACED9E3657C /* Pods */ = {
			isa = PBXGroup;
			children = (
				C60A97CD5B7753B53A601432 /* Pods-IDEHospital.debug.xcconfig */,
				8569C0829D2161F9E9E57603 /* Pods-IDEHospital.release.xcconfig */,
			);
			path = Pods;
			sourceTree = "<group>";
		};
		53778EEAF6684817BFE08C39 /* Frameworks */ = {
			isa = PBXGroup;
			children = (
				39C6039448DDB167416F6840 /* Pods_IDEHospital.framework */,
			);
			name = Frameworks;
			sourceTree = "<group>";
		};
		99163DB62584B5AB007C351D /* MainTabs */ = {
			isa = PBXGroup;
			children = (
				99697C61257F803900B6BFBE /* ServiceSearch.storyboard */,
				0605D67525895473006E38D8 /* MyFavorites.storyboard */,
				0644BB332590F6E600963D65 /* MyAppointments.storyboard */,
			);
			path = MainTabs;
			sourceTree = "<group>";
		};
		991B7B692586817900700114 /* Strings */ = {
			isa = PBXGroup;
			children = (
				991B7B6E2586878300700114 /* StringsManager.swift */,
				991B7B6A258681CB00700114 /* Localizable.strings */,
			);
			path = Strings;
			sourceTree = "<group>";
		};
		993AD118258731C9005311CD /* Cells */ = {
			isa = PBXGroup;
			children = (
				0644BB262590EDD800963D65 /* MyAppointmentCell */,
				0605D679258959B9006E38D8 /* MyFavoriteCell */,
				0678C11B2581B07200949700 /* CategoryCell */,
				9990F7EF258D752E00991401 /* SearchResults */,
			);
			path = Cells;
			sourceTree = "<group>";
		};
		993AD119258731E1005311CD /* TextFields */ = {
			isa = PBXGroup;
			children = (
				99F49F27258A955F0039A280 /* IDEAHospitalTextField.swift */,
				993AD11A25873212005311CD /* PaddedTextField.swift */,
				99D14841258EF48E009443F2 /* SortTextField.swift */,
			);
			path = TextFields;
			sourceTree = "<group>";
		};
		9966C2FC258263980016A8CB /* MainTabs */ = {
			isa = PBXGroup;
			children = (
				9966C2FA2582636B0016A8CB /* ServiceSearchViewModel.swift */,
				0644BB2F2590F4B200963D65 /* MyFavorites */,
				0644BB302590F4C100963D65 /* MyAppointments */,
			);
			path = MainTabs;
			sourceTree = "<group>";
		};
		99697C63257F806400B6BFBE /* ServiceSearch */ = {
			isa = PBXGroup;
			children = (
				99697C64257F80BD00B6BFBE /* ServiceSearchVC.swift */,
				99697C66257F80DB00B6BFBE /* ServiceSearchView.swift */,
			);
			path = ServiceSearch;
			sourceTree = "<group>";
		};
		998F8B15258E41C7006AB00A /* SearchResults */ = {
			isa = PBXGroup;
			children = (
				998F8B13258E41BA006AB00A /* SearchResults.storyboard */,
			);
			path = SearchResults;
			sourceTree = "<group>";
		};
		9990F7EF258D752E00991401 /* SearchResults */ = {
			isa = PBXGroup;
			children = (
				9990F7EB258D751B00991401 /* SearchResultsCell.swift */,
				9990F7EC258D751B00991401 /* SearchResultsCell.xib */,
			);
			path = SearchResults;
			sourceTree = "<group>";
		};
		999A5C1E258E43A200FC0792 /* SearchResults */ = {
			isa = PBXGroup;
			children = (
				999A5C1A258E434200FC0792 /* SearchResultsVC.swift */,
				999A5C1C258E438900FC0792 /* SearchResultsView.swift */,
			);
			path = SearchResults;
			sourceTree = "<group>";
		};
		999A710525840E1900678453 /* UIView */ = {
			isa = PBXGroup;
			children = (
				9938FC24258173CC003781E5 /* UIView+CornerRadius.swift */,
				9938FC222580FBBB003781E5 /* UIView+SetupBackground.swift */,
				062FDF84257E6F9B00949D54 /* UIView+ActivityIndicator.swift */,
			);
			path = UIView;
			sourceTree = "<group>";
		};
		999A710D25845F6700678453 /* Colors */ = {
			isa = PBXGroup;
			children = (
				99F90A7125847F44006E7B91 /* ColorsManager.swift */,
				99F90A6F25847B4A006E7B91 /* Colors.txt */,
			);
			path = Colors;
			sourceTree = "<group>";
		};
		99E7AD0825825C0000AAB5B0 /* MainTabs */ = {
			isa = PBXGroup;
			children = (
				99E7AD0625824E2800AAB5B0 /* MainTabBar.swift */,
				99697C63257F806400B6BFBE /* ServiceSearch */,
				0605D670258953C1006E38D8 /* MyAppointments */,
				0605D66F258953B7006E38D8 /* MyFavorites */,
			);
			path = MainTabs;
			sourceTree = "<group>";
		};
		99F395DD2589880600ACBD3B /* HomeNurse */ = {
			isa = PBXGroup;
			children = (
				99F395DE2589894E00ACBD3B /* HomeNurseVC.swift */,
				99F395E325898E0700ACBD3B /* HomeNurseView.swift */,
			);
			path = HomeNurse;
			sourceTree = "<group>";
		};
		99F395E22589899C00ACBD3B /* HomeNurse */ = {
			isa = PBXGroup;
			children = (
				99F395E02589899600ACBD3B /* HomeNurse.storyboard */,
			);
			path = HomeNurse;
			sourceTree = "<group>";
		};
		99FD522C258CF80C0005110E /* String */ = {
			isa = PBXGroup;
			children = (
				995CAC74258B9EC40042527F /* String+Trimming.swift */,
			);
			path = String;
			sourceTree = "<group>";
		};
/* End PBXGroup section */

/* Begin PBXNativeTarget section */
		062FDF57257E669B00949D54 /* IDEHospital */ = {
			isa = PBXNativeTarget;
			buildConfigurationList = 062FDF6C257E669E00949D54 /* Build configuration list for PBXNativeTarget "IDEHospital" */;
			buildPhases = (
				1B28C4F41D389A5B66362C11 /* [CP] Check Pods Manifest.lock */,
				999A710A25845C7F00678453 /* SwiftGen */,
				062FDF54257E669B00949D54 /* Sources */,
				062FDF55257E669B00949D54 /* Frameworks */,
				062FDF56257E669B00949D54 /* Resources */,
				8E8B934D498A6655D381C529 /* [CP] Embed Pods Frameworks */,
			);
			buildRules = (
			);
			dependencies = (
			);
			name = IDEHospital;
			productName = IDEHospital;
			productReference = 062FDF58257E669B00949D54 /* IDEHospital.app */;
			productType = "com.apple.product-type.application";
		};
/* End PBXNativeTarget section */

/* Begin PBXProject section */
		062FDF50257E669B00949D54 /* Project object */ = {
			isa = PBXProject;
			attributes = {
				LastSwiftUpdateCheck = 1170;
				LastUpgradeCheck = 1170;
				ORGANIZATIONNAME = IDEAcademy;
				TargetAttributes = {
					062FDF57257E669B00949D54 = {
						CreatedOnToolsVersion = 11.7;
					};
				};
			};
			buildConfigurationList = 062FDF53257E669B00949D54 /* Build configuration list for PBXProject "IDEHospital" */;
			compatibilityVersion = "Xcode 9.3";
			developmentRegion = en;
			hasScannedForEncodings = 0;
			knownRegions = (
				en,
				Base,
			);
			mainGroup = 062FDF4F257E669B00949D54;
			productRefGroup = 062FDF59257E669B00949D54 /* Products */;
			projectDirPath = "";
			projectRoot = "";
			targets = (
				062FDF57257E669B00949D54 /* IDEHospital */,
			);
		};
/* End PBXProject section */

/* Begin PBXResourcesBuildPhase section */
		062FDF56257E669B00949D54 /* Resources */ = {
			isa = PBXResourcesBuildPhase;
			buildActionMask = 2147483647;
			files = (
				06BB4E1F2585337200D2C4E3 /* Assets.xcassets in Resources */,
				0644BB342590F6E600963D65 /* MyAppointments.storyboard in Resources */,
				062FDF68257E669E00949D54 /* LaunchScreen.storyboard in Resources */,
				991B7B6B258681CB00700114 /* Localizable.strings in Resources */,
				0644BB2A2590EE0300963D65 /* MyAppointmentCell.xib in Resources */,
				99F90A7025847B4A006E7B91 /* Colors.txt in Resources */,
				0605D67D258959F3006E38D8 /* MyFavoriteCell.xib in Resources */,
				99697C62257F803900B6BFBE /* ServiceSearch.storyboard in Resources */,
				06DD995B257FE68E00D36344 /* PTSans-Regular.ttf in Resources */,
				06DD995C257FE68E00D36344 /* PTSans-BoldItalic.ttf in Resources */,
				9990F7EE258D751B00991401 /* SearchResultsCell.xib in Resources */,
				06DD995A257FE68E00D36344 /* PTSans-Italic.ttf in Resources */,
				062FDF63257E669B00949D54 /* Home.storyboard in Resources */,
				99F395E12589899600ACBD3B /* HomeNurse.storyboard in Resources */,
				998F8B14258E41BA006AB00A /* SearchResults.storyboard in Resources */,
				06DD995D257FE68E00D36344 /* PTSans-Bold.ttf in Resources */,
				0605D67625895473006E38D8 /* MyFavorites.storyboard in Resources */,
				0678C11F2581B09500949700 /* CategoryCell.xib in Resources */,
			);
			runOnlyForDeploymentPostprocessing = 0;
		};
/* End PBXResourcesBuildPhase section */

/* Begin PBXShellScriptBuildPhase section */
		1B28C4F41D389A5B66362C11 /* [CP] Check Pods Manifest.lock */ = {
			isa = PBXShellScriptBuildPhase;
			buildActionMask = 2147483647;
			files = (
			);
			inputFileListPaths = (
			);
			inputPaths = (
				"${PODS_PODFILE_DIR_PATH}/Podfile.lock",
				"${PODS_ROOT}/Manifest.lock",
			);
			name = "[CP] Check Pods Manifest.lock";
			outputFileListPaths = (
			);
			outputPaths = (
				"$(DERIVED_FILE_DIR)/Pods-IDEHospital-checkManifestLockResult.txt",
			);
			runOnlyForDeploymentPostprocessing = 0;
			shellPath = /bin/sh;
			shellScript = "diff \"${PODS_PODFILE_DIR_PATH}/Podfile.lock\" \"${PODS_ROOT}/Manifest.lock\" > /dev/null\nif [ $? != 0 ] ; then\n    # print error to STDERR\n    echo \"error: The sandbox is not in sync with the Podfile.lock. Run 'pod install' or update your CocoaPods installation.\" >&2\n    exit 1\nfi\n# This output is used by Xcode 'outputs' to avoid re-running this script phase.\necho \"SUCCESS\" > \"${SCRIPT_OUTPUT_FILE_0}\"\n";
			showEnvVarsInLog = 0;
		};
		8E8B934D498A6655D381C529 /* [CP] Embed Pods Frameworks */ = {
			isa = PBXShellScriptBuildPhase;
			buildActionMask = 2147483647;
			files = (
			);
			inputFileListPaths = (
				"${PODS_ROOT}/Target Support Files/Pods-IDEHospital/Pods-IDEHospital-frameworks-${CONFIGURATION}-input-files.xcfilelist",
			);
			name = "[CP] Embed Pods Frameworks";
			outputFileListPaths = (
				"${PODS_ROOT}/Target Support Files/Pods-IDEHospital/Pods-IDEHospital-frameworks-${CONFIGURATION}-output-files.xcfilelist",
			);
			runOnlyForDeploymentPostprocessing = 0;
			shellPath = /bin/sh;
			shellScript = "\"${PODS_ROOT}/Target Support Files/Pods-IDEHospital/Pods-IDEHospital-frameworks.sh\"\n";
			showEnvVarsInLog = 0;
		};
		999A710A25845C7F00678453 /* SwiftGen */ = {
			isa = PBXShellScriptBuildPhase;
			buildActionMask = 2147483647;
			files = (
			);
			inputFileListPaths = (
			);
			inputPaths = (
			);
			name = SwiftGen;
			outputFileListPaths = (
			);
			outputPaths = (
			);
			runOnlyForDeploymentPostprocessing = 0;
			shellPath = /bin/sh;
			shellScript = "# Type a script or drag a script file from your workspace to insert its path.\n$PODS_ROOT/SwiftGen/bin/swiftgen\n";
		};
/* End PBXShellScriptBuildPhase section */

/* Begin PBXSourcesBuildPhase section */
		062FDF54257E669B00949D54 /* Sources */ = {
			isa = PBXSourcesBuildPhase;
			buildActionMask = 2147483647;
			files = (
				99F4D946259259C20078BE1D /* UIView+ActivityIndicator.swift in Sources */,
				99F4D947259259C20078BE1D /* UIViewController+ShowSimpleAlert.swift in Sources */,
				99F4D948259259C20078BE1D /* UIImageView+CircularImage.swift in Sources */,
				995CAC73258B9D6F0042527F /* ValidationManager.swift in Sources */,
				99D14842258EF48E009443F2 /* SortTextField.swift in Sources */,
				06BB4E1E2585334700D2C4E3 /* APIRouter.swift in Sources */,
				99697C67257F80DB00B6BFBE /* ServiceSearchView.swift in Sources */,
				0644BB322590F4E000963D65 /* MyAppointmentsViewModel.swift in Sources */,
				99E7AD0725824E2800AAB5B0 /* MainTabBar.swift in Sources */,
				99697C65257F80BD00B6BFBE /* ServiceSearchVC.swift in Sources */,
				0678C11E2581B09500949700 /* CategoryCell.swift in Sources */,
				993AD11B25873212005311CD /* PaddedTextField.swift in Sources */,
				995CAC75258B9EC40042527F /* String+Trimming.swift in Sources */,
				0644BB2E2590F48900963D65 /* MyAppointmentsView.swift in Sources */,
				999D8CF22582929900CAEA06 /* CategoryResponse.swift in Sources */,
				99F90A7225847F44006E7B91 /* ColorsManager.swift in Sources */,
				0699F05D258D1F3E00C2AF5F /* MyFavoriteResponse.swift in Sources */,
				062FDF5C257E669B00949D54 /* AppDelegate.swift in Sources */,
				0644BB2C2590F47900963D65 /* MyAppointmentsVC.swift in Sources */,
				06DD993E257FBA0B00D36344 /* HomeViewModel.swift in Sources */,
				06AB4F11258404CA00A0B658 /* UIViewController+NavControllerSetup.swift in Sources */,
				0644BB292590EE0300963D65 /* MyAppointmentCell.swift in Sources */,
				0678C1212581CA4C00949700 /* UIColor+getColorByHex.swift in Sources */,
				991B7B6F2586878300700114 /* StringsManager.swift in Sources */,
				06DD9940257FBA3100D36344 /* HomeView.swift in Sources */,
				99F395E425898E0700ACBD3B /* HomeNurseView.swift in Sources */,
				062FDF7F257E687D00949D54 /* APIManager.swift in Sources */,
				99343E4825902FFF008E069F /* SearchResultsViewModel.swift in Sources */,
				0605D67F2589B602006E38D8 /* CustomButton.swift in Sources */,
				06064CEA2582C693006ADB86 /* AssetsManager.swift in Sources */,
				991B7B6D2586877400700114 /* FontsManager.swift in Sources */,
				99343E4A2590603C008E069F /* DoctorsFilter.swift in Sources */,
				062FDF7D257E67F200949D54 /* UserDefaultsManager.swift in Sources */,
				9990F7ED258D751B00991401 /* SearchResultsCell.swift in Sources */,
				062FDF79257E678D00949D54 /* Constants.swift in Sources */,
				99F49F26258A8F6A0039A280 /* HomeNurseViewModel.swift in Sources */,
				06DD9943257FBAA100D36344 /* HomeVC.swift in Sources */,
				999A5C1D258E438900FC0792 /* SearchResultsView.swift in Sources */,
				062FDF83257E6F4A00949D54 /* UIViewController+Storyboard.swift in Sources */,
				9966C2FB2582636B0016A8CB /* ServiceSearchViewModel.swift in Sources */,
				9938FC25258173CC003781E5 /* UIView+CornerRadius.swift in Sources */,
				0605D6722589541D006E38D8 /* MyFavoritesVC.swift in Sources */,
				9938FC232580FBBB003781E5 /* UIView+SetupBackground.swift in Sources */,
				99343E46258FC274008E069F /* SearchResults.swift in Sources */,
				99F49F28258A955F0039A280 /* IDEAHospitalTextField.swift in Sources */,
				0657F1A4259127B5003C9586 /* MyAppointmentCellViewModel.swift in Sources */,
				0657F1A225911E03003C9586 /* MyAppointmentResponse.swift in Sources */,
				067584C9258D7CDD00A65404 /* UIViewController+ShowAlert.swift in Sources */,
				0605D67C258959F3006E38D8 /* MyFavoriteCell.swift in Sources */,
				0605D678258954E1006E38D8 /* MyFavoritesViewModel.swift in Sources */,
				0605D6742589544F006E38D8 /* MyFavoritesView.swift in Sources */,
				0699F05F258D5A3A00C2AF5F /* MyFavoriteCellViewModel.swift in Sources */,
				0655740E2582829900CFEE4F /* MainCategoriesResponse.swift in Sources */,
				99245A7C2592366800608FE1 /* RequestData.swift in Sources */,
				999A5C1B258E434200FC0792 /* SearchResultsVC.swift in Sources */,
				99F395DF2589894E00ACBD3B /* HomeNurseVC.swift in Sources */,
			);
			runOnlyForDeploymentPostprocessing = 0;
		};
/* End PBXSourcesBuildPhase section */

/* Begin PBXVariantGroup section */
		062FDF61257E669B00949D54 /* Home.storyboard */ = {
			isa = PBXVariantGroup;
			children = (
				062FDF62257E669B00949D54 /* Base */,
			);
			name = Home.storyboard;
			sourceTree = "<group>";
		};
		062FDF66257E669E00949D54 /* LaunchScreen.storyboard */ = {
			isa = PBXVariantGroup;
			children = (
				062FDF67257E669E00949D54 /* Base */,
			);
			name = LaunchScreen.storyboard;
			sourceTree = "<group>";
		};
/* End PBXVariantGroup section */

/* Begin XCBuildConfiguration section */
		062FDF6A257E669E00949D54 /* Debug */ = {
			isa = XCBuildConfiguration;
			buildSettings = {
				ALWAYS_SEARCH_USER_PATHS = NO;
				CLANG_ANALYZER_NONNULL = YES;
				CLANG_ANALYZER_NUMBER_OBJECT_CONVERSION = YES_AGGRESSIVE;
				CLANG_CXX_LANGUAGE_STANDARD = "gnu++14";
				CLANG_CXX_LIBRARY = "libc++";
				CLANG_ENABLE_MODULES = YES;
				CLANG_ENABLE_OBJC_ARC = YES;
				CLANG_ENABLE_OBJC_WEAK = YES;
				CLANG_WARN_BLOCK_CAPTURE_AUTORELEASING = YES;
				CLANG_WARN_BOOL_CONVERSION = YES;
				CLANG_WARN_COMMA = YES;
				CLANG_WARN_CONSTANT_CONVERSION = YES;
				CLANG_WARN_DEPRECATED_OBJC_IMPLEMENTATIONS = YES;
				CLANG_WARN_DIRECT_OBJC_ISA_USAGE = YES_ERROR;
				CLANG_WARN_DOCUMENTATION_COMMENTS = YES;
				CLANG_WARN_EMPTY_BODY = YES;
				CLANG_WARN_ENUM_CONVERSION = YES;
				CLANG_WARN_INFINITE_RECURSION = YES;
				CLANG_WARN_INT_CONVERSION = YES;
				CLANG_WARN_NON_LITERAL_NULL_CONVERSION = YES;
				CLANG_WARN_OBJC_IMPLICIT_RETAIN_SELF = YES;
				CLANG_WARN_OBJC_LITERAL_CONVERSION = YES;
				CLANG_WARN_OBJC_ROOT_CLASS = YES_ERROR;
				CLANG_WARN_RANGE_LOOP_ANALYSIS = YES;
				CLANG_WARN_STRICT_PROTOTYPES = YES;
				CLANG_WARN_SUSPICIOUS_MOVE = YES;
				CLANG_WARN_UNGUARDED_AVAILABILITY = YES_AGGRESSIVE;
				CLANG_WARN_UNREACHABLE_CODE = YES;
				CLANG_WARN__DUPLICATE_METHOD_MATCH = YES;
				COPY_PHASE_STRIP = NO;
				DEBUG_INFORMATION_FORMAT = dwarf;
				ENABLE_STRICT_OBJC_MSGSEND = YES;
				ENABLE_TESTABILITY = YES;
				GCC_C_LANGUAGE_STANDARD = gnu11;
				GCC_DYNAMIC_NO_PIC = NO;
				GCC_NO_COMMON_BLOCKS = YES;
				GCC_OPTIMIZATION_LEVEL = 0;
				GCC_PREPROCESSOR_DEFINITIONS = (
					"DEBUG=1",
					"$(inherited)",
				);
				GCC_WARN_64_TO_32_BIT_CONVERSION = YES;
				GCC_WARN_ABOUT_RETURN_TYPE = YES_ERROR;
				GCC_WARN_UNDECLARED_SELECTOR = YES;
				GCC_WARN_UNINITIALIZED_AUTOS = YES_AGGRESSIVE;
				GCC_WARN_UNUSED_FUNCTION = YES;
				GCC_WARN_UNUSED_VARIABLE = YES;
				IPHONEOS_DEPLOYMENT_TARGET = 12.0;
				MTL_ENABLE_DEBUG_INFO = INCLUDE_SOURCE;
				MTL_FAST_MATH = YES;
				ONLY_ACTIVE_ARCH = YES;
				SDKROOT = iphoneos;
				SWIFT_ACTIVE_COMPILATION_CONDITIONS = DEBUG;
				SWIFT_OPTIMIZATION_LEVEL = "-Onone";
			};
			name = Debug;
		};
		062FDF6B257E669E00949D54 /* Release */ = {
			isa = XCBuildConfiguration;
			buildSettings = {
				ALWAYS_SEARCH_USER_PATHS = NO;
				CLANG_ANALYZER_NONNULL = YES;
				CLANG_ANALYZER_NUMBER_OBJECT_CONVERSION = YES_AGGRESSIVE;
				CLANG_CXX_LANGUAGE_STANDARD = "gnu++14";
				CLANG_CXX_LIBRARY = "libc++";
				CLANG_ENABLE_MODULES = YES;
				CLANG_ENABLE_OBJC_ARC = YES;
				CLANG_ENABLE_OBJC_WEAK = YES;
				CLANG_WARN_BLOCK_CAPTURE_AUTORELEASING = YES;
				CLANG_WARN_BOOL_CONVERSION = YES;
				CLANG_WARN_COMMA = YES;
				CLANG_WARN_CONSTANT_CONVERSION = YES;
				CLANG_WARN_DEPRECATED_OBJC_IMPLEMENTATIONS = YES;
				CLANG_WARN_DIRECT_OBJC_ISA_USAGE = YES_ERROR;
				CLANG_WARN_DOCUMENTATION_COMMENTS = YES;
				CLANG_WARN_EMPTY_BODY = YES;
				CLANG_WARN_ENUM_CONVERSION = YES;
				CLANG_WARN_INFINITE_RECURSION = YES;
				CLANG_WARN_INT_CONVERSION = YES;
				CLANG_WARN_NON_LITERAL_NULL_CONVERSION = YES;
				CLANG_WARN_OBJC_IMPLICIT_RETAIN_SELF = YES;
				CLANG_WARN_OBJC_LITERAL_CONVERSION = YES;
				CLANG_WARN_OBJC_ROOT_CLASS = YES_ERROR;
				CLANG_WARN_RANGE_LOOP_ANALYSIS = YES;
				CLANG_WARN_STRICT_PROTOTYPES = YES;
				CLANG_WARN_SUSPICIOUS_MOVE = YES;
				CLANG_WARN_UNGUARDED_AVAILABILITY = YES_AGGRESSIVE;
				CLANG_WARN_UNREACHABLE_CODE = YES;
				CLANG_WARN__DUPLICATE_METHOD_MATCH = YES;
				COPY_PHASE_STRIP = NO;
				DEBUG_INFORMATION_FORMAT = "dwarf-with-dsym";
				ENABLE_NS_ASSERTIONS = NO;
				ENABLE_STRICT_OBJC_MSGSEND = YES;
				GCC_C_LANGUAGE_STANDARD = gnu11;
				GCC_NO_COMMON_BLOCKS = YES;
				GCC_WARN_64_TO_32_BIT_CONVERSION = YES;
				GCC_WARN_ABOUT_RETURN_TYPE = YES_ERROR;
				GCC_WARN_UNDECLARED_SELECTOR = YES;
				GCC_WARN_UNINITIALIZED_AUTOS = YES_AGGRESSIVE;
				GCC_WARN_UNUSED_FUNCTION = YES;
				GCC_WARN_UNUSED_VARIABLE = YES;
				IPHONEOS_DEPLOYMENT_TARGET = 12.0;
				MTL_ENABLE_DEBUG_INFO = NO;
				MTL_FAST_MATH = YES;
				SDKROOT = iphoneos;
				SWIFT_COMPILATION_MODE = wholemodule;
				SWIFT_OPTIMIZATION_LEVEL = "-O";
				VALIDATE_PRODUCT = YES;
			};
			name = Release;
		};
		062FDF6D257E669E00949D54 /* Debug */ = {
			isa = XCBuildConfiguration;
			baseConfigurationReference = C60A97CD5B7753B53A601432 /* Pods-IDEHospital.debug.xcconfig */;
			buildSettings = {
				ASSETCATALOG_COMPILER_APPICON_NAME = AppIcon;
				CODE_SIGN_STYLE = Automatic;
				DEVELOPMENT_TEAM = GR45BCY358;
				INFOPLIST_FILE = IDEHospital/Info.plist;
				IPHONEOS_DEPLOYMENT_TARGET = 12.0;
				LD_RUNPATH_SEARCH_PATHS = (
					"$(inherited)",
					"@executable_path/Frameworks",
				);
				PRODUCT_BUNDLE_IDENTIFIER = IDEAcademy.IDEAHospital;
				PRODUCT_NAME = "$(TARGET_NAME)";
				SWIFT_VERSION = 5.0;
				TARGETED_DEVICE_FAMILY = 1;
			};
			name = Debug;
		};
		062FDF6E257E669E00949D54 /* Release */ = {
			isa = XCBuildConfiguration;
			baseConfigurationReference = 8569C0829D2161F9E9E57603 /* Pods-IDEHospital.release.xcconfig */;
			buildSettings = {
				ASSETCATALOG_COMPILER_APPICON_NAME = AppIcon;
				CODE_SIGN_STYLE = Automatic;
				DEVELOPMENT_TEAM = GR45BCY358;
				INFOPLIST_FILE = IDEHospital/Info.plist;
				IPHONEOS_DEPLOYMENT_TARGET = 12.0;
				LD_RUNPATH_SEARCH_PATHS = (
					"$(inherited)",
					"@executable_path/Frameworks",
				);
				PRODUCT_BUNDLE_IDENTIFIER = IDEAcademy.IDEAHospital;
				PRODUCT_NAME = "$(TARGET_NAME)";
				SWIFT_VERSION = 5.0;
				TARGETED_DEVICE_FAMILY = 1;
			};
			name = Release;
		};
/* End XCBuildConfiguration section */

/* Begin XCConfigurationList section */
		062FDF53257E669B00949D54 /* Build configuration list for PBXProject "IDEHospital" */ = {
			isa = XCConfigurationList;
			buildConfigurations = (
				062FDF6A257E669E00949D54 /* Debug */,
				062FDF6B257E669E00949D54 /* Release */,
			);
			defaultConfigurationIsVisible = 0;
			defaultConfigurationName = Release;
		};
		062FDF6C257E669E00949D54 /* Build configuration list for PBXNativeTarget "IDEHospital" */ = {
			isa = XCConfigurationList;
			buildConfigurations = (
				062FDF6D257E669E00949D54 /* Debug */,
				062FDF6E257E669E00949D54 /* Release */,
			);
			defaultConfigurationIsVisible = 0;
			defaultConfigurationName = Release;
		};
/* End XCConfigurationList section */
	};
	rootObject = 062FDF50257E669B00949D54 /* Project object */;
}
